{
  "version": "2",
  "remote": {
    "https://deno.land/std@0.140.0/_util/assert.ts": "e94f2eb37cebd7f199952e242c77654e43333c1ac4c5c700e929ea3aa5489f74",
    "https://deno.land/std@0.140.0/_util/os.ts": "3b4c6e27febd119d36a416d7a97bd3b0251b77c88942c8f16ee5953ea13e2e49",
    "https://deno.land/std@0.140.0/bytes/bytes_list.ts": "67eb118e0b7891d2f389dad4add35856f4ad5faab46318ff99653456c23b025d",
    "https://deno.land/std@0.140.0/bytes/equals.ts": "fc16dff2090cced02497f16483de123dfa91e591029f985029193dfaa9d894c9",
    "https://deno.land/std@0.140.0/bytes/mod.ts": "763f97d33051cc3f28af1a688dfe2830841192a9fea0cbaa55f927b49d49d0bf",
    "https://deno.land/std@0.140.0/fmt/colors.ts": "30455035d6d728394781c10755351742dd731e3db6771b1843f9b9e490104d37",
    "https://deno.land/std@0.140.0/fs/_util.ts": "0fb24eb4bfebc2c194fb1afdb42b9c3dda12e368f43e8f2321f84fc77d42cb0f",
    "https://deno.land/std@0.140.0/fs/ensure_dir.ts": "9dc109c27df4098b9fc12d949612ae5c9c7169507660dcf9ad90631833209d9d",
    "https://deno.land/std@0.140.0/io/buffer.ts": "bd0c4bf53db4b4be916ca5963e454bddfd3fcd45039041ea161dbf826817822b",
    "https://deno.land/std@0.140.0/path/_constants.ts": "df1db3ffa6dd6d1252cc9617e5d72165cd2483df90e93833e13580687b6083c3",
    "https://deno.land/std@0.140.0/path/_interface.ts": "ee3b431a336b80cf445441109d089b70d87d5e248f4f90ff906820889ecf8d09",
    "https://deno.land/std@0.140.0/path/_util.ts": "c1e9686d0164e29f7d880b2158971d805b6e0efc3110d0b3e24e4b8af2190d2b",
    "https://deno.land/std@0.140.0/path/common.ts": "bee563630abd2d97f99d83c96c2fa0cca7cee103e8cb4e7699ec4d5db7bd2633",
    "https://deno.land/std@0.140.0/path/glob.ts": "cb5255638de1048973c3e69e420c77dc04f75755524cb3b2e160fe9277d939ee",
    "https://deno.land/std@0.140.0/path/mod.ts": "d3e68d0abb393fb0bf94a6d07c46ec31dc755b544b13144dee931d8d5f06a52d",
    "https://deno.land/std@0.140.0/path/posix.ts": "293cdaec3ecccec0a9cc2b534302dfe308adb6f10861fa183275d6695faace44",
    "https://deno.land/std@0.140.0/path/separator.ts": "fe1816cb765a8068afb3e8f13ad272351c85cbc739af56dacfc7d93d710fe0f9",
    "https://deno.land/std@0.140.0/path/win32.ts": "31811536855e19ba37a999cd8d1b62078235548d67902ece4aa6b814596dd757",
    "https://deno.land/std@0.140.0/streams/conversion.ts": "712585bfa0172a97fb68dd46e784ae8ad59d11b88079d6a4ab098ff42e697d21",
    "https://deno.land/std@0.181.0/_util/asserts.ts": "178dfc49a464aee693a7e285567b3d0b555dc805ff490505a8aae34f9cfb1462",
    "https://deno.land/std@0.181.0/_util/os.ts": "d932f56d41e4f6a6093d56044e29ce637f8dcc43c5a90af43504a889cf1775e3",
    "https://deno.land/std@0.181.0/fs/_util.ts": "65381f341af1ff7f40198cee15c20f59951ac26e51ddc651c5293e24f9ce6f32",
    "https://deno.land/std@0.181.0/fs/ensure_dir.ts": "dc64c4c75c64721d4e3fb681f1382f803ff3d2868f08563ff923fdd20d071c40",
    "https://deno.land/std@0.181.0/fs/expand_glob.ts": "e4f56259a0a70fe23f05215b00de3ac5e6ba46646ab2a06ebbe9b010f81c972a",
    "https://deno.land/std@0.181.0/fs/walk.ts": "ea95ffa6500c1eda6b365be488c056edc7c883a1db41ef46ec3bf057b1c0fe32",
    "https://deno.land/std@0.181.0/path/_constants.ts": "e49961f6f4f48039c0dfed3c3f93e963ca3d92791c9d478ac5b43183413136e0",
    "https://deno.land/std@0.181.0/path/_interface.ts": "6471159dfbbc357e03882c2266d21ef9afdb1e4aa771b0545e90db58a0ba314b",
    "https://deno.land/std@0.181.0/path/_util.ts": "d7abb1e0dea065f427b89156e28cdeb32b045870acdf865833ba808a73b576d0",
    "https://deno.land/std@0.181.0/path/common.ts": "ee7505ab01fd22de3963b64e46cff31f40de34f9f8de1fff6a1bd2fe79380000",
    "https://deno.land/std@0.181.0/path/glob.ts": "d479e0a695621c94d3fd7fe7abd4f9499caf32a8de13f25073451c6ef420a4e1",
    "https://deno.land/std@0.181.0/path/mod.ts": "bf718f19a4fdd545aee1b06409ca0805bd1b68ecf876605ce632e932fe54510c",
    "https://deno.land/std@0.181.0/path/posix.ts": "8b7c67ac338714b30c816079303d0285dd24af6b284f7ad63da5b27372a2c94d",
    "https://deno.land/std@0.181.0/path/separator.ts": "0fb679739d0d1d7bf45b68dacfb4ec7563597a902edbaf3c59b50d5bcadd93b1",
    "https://deno.land/std@0.181.0/path/win32.ts": "d186344e5583bcbf8b18af416d13d82b35a317116e6460a5a3953508c3de5bba",
    "https://deno.land/std@0.182.0/_util/asserts.ts": "178dfc49a464aee693a7e285567b3d0b555dc805ff490505a8aae34f9cfb1462",
    "https://deno.land/std@0.182.0/_util/os.ts": "d932f56d41e4f6a6093d56044e29ce637f8dcc43c5a90af43504a889cf1775e3",
    "https://deno.land/std@0.182.0/fmt/colors.ts": "d67e3cd9f472535241a8e410d33423980bec45047e343577554d3356e1f0ef4e",
    "https://deno.land/std@0.182.0/fs/_util.ts": "65381f341af1ff7f40198cee15c20f59951ac26e51ddc651c5293e24f9ce6f32",
    "https://deno.land/std@0.182.0/fs/empty_dir.ts": "c3d2da4c7352fab1cf144a1ecfef58090769e8af633678e0f3fabaef98594688",
    "https://deno.land/std@0.182.0/fs/expand_glob.ts": "e4f56259a0a70fe23f05215b00de3ac5e6ba46646ab2a06ebbe9b010f81c972a",
    "https://deno.land/std@0.182.0/fs/walk.ts": "920be35a7376db6c0b5b1caf1486fb962925e38c9825f90367f8f26b5e5d0897",
    "https://deno.land/std@0.182.0/path/_constants.ts": "e49961f6f4f48039c0dfed3c3f93e963ca3d92791c9d478ac5b43183413136e0",
    "https://deno.land/std@0.182.0/path/_interface.ts": "6471159dfbbc357e03882c2266d21ef9afdb1e4aa771b0545e90db58a0ba314b",
    "https://deno.land/std@0.182.0/path/_util.ts": "d7abb1e0dea065f427b89156e28cdeb32b045870acdf865833ba808a73b576d0",
    "https://deno.land/std@0.182.0/path/common.ts": "ee7505ab01fd22de3963b64e46cff31f40de34f9f8de1fff6a1bd2fe79380000",
    "https://deno.land/std@0.182.0/path/glob.ts": "d479e0a695621c94d3fd7fe7abd4f9499caf32a8de13f25073451c6ef420a4e1",
    "https://deno.land/std@0.182.0/path/mod.ts": "bf718f19a4fdd545aee1b06409ca0805bd1b68ecf876605ce632e932fe54510c",
    "https://deno.land/std@0.182.0/path/posix.ts": "8b7c67ac338714b30c816079303d0285dd24af6b284f7ad63da5b27372a2c94d",
    "https://deno.land/std@0.182.0/path/separator.ts": "0fb679739d0d1d7bf45b68dacfb4ec7563597a902edbaf3c59b50d5bcadd93b1",
    "https://deno.land/std@0.182.0/path/win32.ts": "d186344e5583bcbf8b18af416d13d82b35a317116e6460a5a3953508c3de5bba",
    "https://deno.land/std@0.201.0/assert/_constants.ts": "8a9da298c26750b28b326b297316cdde860bc237533b07e1337c021379e6b2a9",
    "https://deno.land/std@0.201.0/assert/_diff.ts": "1a3c044aedf77647d6cac86b798c6417603361b66b54c53331b312caeb447aea",
    "https://deno.land/std@0.201.0/assert/_format.ts": "a69126e8a469009adf4cf2a50af889aca364c349797e63174884a52ff75cf4c7",
    "https://deno.land/std@0.201.0/assert/assert.ts": "9a97dad6d98c238938e7540736b826440ad8c1c1e54430ca4c4e623e585607ee",
    "https://deno.land/std@0.201.0/assert/assert_equals.ts": "d8ec8a22447fbaf2fc9d7c3ed2e66790fdb74beae3e482855d75782218d68227",
    "https://deno.land/std@0.201.0/assert/assert_match.ts": "c4083f80600bc190309903c95e397a7c9257ff8b5ae5c7ef91e834704e672e9b",
    "https://deno.land/std@0.201.0/assert/assertion_error.ts": "4d0bde9b374dfbcbe8ac23f54f567b77024fb67dbb1906a852d67fe050d42f56",
    "https://deno.land/std@0.201.0/assert/equal.ts": "9f1a46d5993966d2596c44e5858eec821859b45f783a5ee2f7a695dfc12d8ece",
    "https://deno.land/std@0.201.0/async/deferred.ts": "42790112f36a75a57db4a96d33974a936deb7b04d25c6084a9fa8a49f135def8",
    "https://deno.land/std@0.201.0/bytes/bytes_list.ts": "ecf5098c230b793970f43c06e8f30d70b937c031658365aeb3de9a8ae4d406a3",
    "https://deno.land/std@0.201.0/bytes/concat.ts": "d26d6f3d7922e6d663dacfcd357563b7bf4a380ce5b9c2bbe0c8586662f25ce2",
    "https://deno.land/std@0.201.0/bytes/copy.ts": "939d89e302a9761dcf1d9c937c7711174ed74c59eef40a1e4569a05c9de88219",
    "https://deno.land/std@0.201.0/crypto/_fnv/fnv32.ts": "e4649dfdefc5c987ed53c3c25db62db771a06d9d1b9c36d2b5cf0853b8e82153",
    "https://deno.land/std@0.201.0/crypto/_fnv/fnv64.ts": "bfa0e4702061fdb490a14e6bf5f9168a22fb022b307c5723499469bfefca555e",
    "https://deno.land/std@0.201.0/crypto/_fnv/mod.ts": "f956a95f58910f223e420340b7404702ecd429603acd4491fa77af84f746040c",
    "https://deno.land/std@0.201.0/crypto/_fnv/util.ts": "accba12bfd80a352e32a872f87df2a195e75561f1b1304a4cb4f5a4648d288f9",
    "https://deno.land/std@0.201.0/crypto/_wasm/lib/deno_std_wasm_crypto.generated.mjs": "85b50eee2e511584698c04f1d84155e57452ea963106fee64987c326e9e5d25d",
    "https://deno.land/std@0.201.0/crypto/_wasm/mod.ts": "973058e70052c98292b567d1c8396dffc28d6dfc6a44f0763032f6fbdf5222f5",
    "https://deno.land/std@0.201.0/crypto/crypto.ts": "c1fac13f11e5150e7690a4d6f09bc09b39d0a13fc5cf129f13617656fea7379e",
    "https://deno.land/std@0.201.0/crypto/keystack.ts": "877ab0f19eb7d37ad6495190d3c3e39f58e9c52e0b6a966f82fd6df67ca55f90",
    "https://deno.land/std@0.201.0/crypto/mod.ts": "ae384519e85eca9aeff4e7111ed153df8f3dbda7b35b70850ed4b3e9c8cec4d5",
    "https://deno.land/std@0.201.0/crypto/timing_safe_equal.ts": "f6edc08d702f660b1ab3505b74d53a9d499e34a1351f6ab70f5ce8653fee8fb7",
    "https://deno.land/std@0.201.0/crypto/to_hash_string.ts": "6927c768f3e373a1be4a31555a45ccecf7bd413105455cc334ad3f908cfa986f",
    "https://deno.land/std@0.201.0/encoding/base64.ts": "144ae6234c1fbe5b68666c711dc15b1e9ee2aef6d42b3b4345bf9a6c91d70d0d",
    "https://deno.land/std@0.201.0/encoding/base64url.ts": "2ed4ba122b20fedf226c5d337cf22ee2024fa73a8f85d915d442af7e9ce1fae1",
    "https://deno.land/std@0.201.0/encoding/hex.ts": "7894f92cd271a3df42012798310fe011ae8780d551b6538189937d1712094f14",
    "https://deno.land/std@0.201.0/fmt/colors.ts": "87544aa2bc91087bb37f9c077970c85bfb041b48e4c37356129d7b450a415b6f",
    "https://deno.land/std@0.201.0/fs/exists.ts": "cb59a853d84871d87acab0e7936a4dac11282957f8e195102c5a7acb42546bb8",
    "https://deno.land/std@0.201.0/io/buf_reader.ts": "0bd8ad26255945b5f418940db23db03bee0c160dbb5ae4627e2c0be3b361df6a",
    "https://deno.land/std@0.201.0/io/buf_writer.ts": "48c33c8f00b61dcbc7958706741cec8e59810bd307bc6a326cbd474fe8346dfd",
    "https://deno.land/std@0.201.0/io/buffer.ts": "4d6883daeb2e698579c4064170515683d69f40f3de019bfe46c5cf31e74ae793",
    "https://deno.land/std@0.201.0/io/copy_n.ts": "c055296297b9d4897d90d1ac056b072dc02614e60c67f438e23fbce052ea4c69",
    "https://deno.land/std@0.201.0/io/limited_reader.ts": "1976bb087e6aab06ebd6bd511bc801da9afeda31dbee2353dfd6ec44f1402324",
    "https://deno.land/std@0.201.0/io/mod.ts": "2665bcccc1fd6e8627cca167c3e92aaecbd9897556b6f69e6d258070ef63fd9b",
    "https://deno.land/std@0.201.0/io/multi_reader.ts": "9c2a0a31686c44b277e16da1d97b4686a986edcee48409b84be25eedbc39b271",
    "https://deno.land/std@0.201.0/io/read_delim.ts": "f3aac4e09b14cbe397612e7d490f1a043edfad18865ad0b277eb144157f676fc",
    "https://deno.land/std@0.201.0/io/read_int.ts": "7cb8bcdfaf1107586c3bacc583d11c64c060196cb070bb13ae8c2061404f911f",
    "https://deno.land/std@0.201.0/io/read_lines.ts": "c526c12a20a9386dc910d500f9cdea43cba974e853397790bd146817a7eef8cc",
    "https://deno.land/std@0.201.0/io/read_long.ts": "f0aaa420e3da1261c5d33c5e729f09922f3d9fa49f046258d4ff7a00d800c71e",
    "https://deno.land/std@0.201.0/io/read_range.ts": "46a2263d0f8369b6d9abb0b25d99ceb65ff08d621fc57bcc53832e6979295043",
    "https://deno.land/std@0.201.0/io/read_short.ts": "805cb329574b850b84bf14a92c052c59b5977a492cd780c41df8ad40826c1a20",
    "https://deno.land/std@0.201.0/io/read_string_delim.ts": "5dc9f53bdf78e7d4ee1e56b9b60352238ab236a71c3e3b2a713c3d78472a53ce",
    "https://deno.land/std@0.201.0/io/slice_long_to_bytes.ts": "48d9bace92684e880e46aa4a2520fc3867f9d7ce212055f76ecc11b22f9644b7",
    "https://deno.land/std@0.201.0/io/string_reader.ts": "da0f68251b3d5b5112485dfd4d1b1936135c9b4d921182a7edaf47f74c25cc8f",
    "https://deno.land/std@0.201.0/io/string_writer.ts": "8a03c5858c24965a54c6538bed15f32a7c72f5704a12bda56f83a40e28e5433e",
    "https://deno.land/std@0.201.0/log/handlers.ts": "3a0883f65567f59a9a88e44c972b24b924621bc28ead91af11d7a6da93c4a64c",
    "https://deno.land/std@0.201.0/log/levels.ts": "6309147664e9e008cd6671610f2505c4c95f181f6bae4816a84b33e0aec66859",
    "https://deno.land/std@0.201.0/log/logger.ts": "180c50a07c43a556dc5794e913c82946399e89d683201d01c8f0091e1e4ae3fc",
    "https://deno.land/std@0.201.0/log/mod.ts": "a274d2129c8d08d4c96e0fb165a595e6c730b5130b437a9ce04364156bfe955a",
    "https://deno.land/std@0.201.0/streams/_common.ts": "3b2c1f0287ce2ad51fff4091a7d0f48375c85b0ec341468e76d5ac13bb0014dd",
    "https://deno.land/std@0.201.0/streams/buffer.ts": "6cd773d22cf21bb988a98cc551b5abfc4c3b03516f93eaa3fb6f2f6e16032deb",
    "https://deno.land/std@0.201.0/streams/byte_slice_stream.ts": "c46d7c74836fc8c1a9acd9fe211cbe1bbaaee1b36087c834fb03af4991135c3a",
    "https://deno.land/std@0.201.0/streams/copy.ts": "75cbc795ff89291df22ddca5252de88b2e16d40c85d02840593386a8a1454f71",
    "https://deno.land/std@0.201.0/streams/delimiter_stream.ts": "a676837e8bdaa94502fe3d8cae57fbf54697801ae61cefbaf39fb7ab64169d2a",
    "https://deno.land/std@0.201.0/streams/early_zip_readable_streams.ts": "4005fa74162b943f79899e5d7cb96adcbc0a6b867f9144974ed12d30e0a556e1",
    "https://deno.land/std@0.201.0/streams/iterate_reader.ts": "bbec1d45c2df2c0c5920bad0549351446fdc8e0886d99e95959b259dbcdb6072",
    "https://deno.land/std@0.201.0/streams/limited_bytes_transform_stream.ts": "05dc592ffaab83257494d22dd53917e56243c26e5e3129b3f13ddbbbc4785048",
    "https://deno.land/std@0.201.0/streams/limited_transform_stream.ts": "d69ab790232c1b86f53621ad41ef03c235f2abb4b7a1cd51960ad6e12ee55e38",
    "https://deno.land/std@0.201.0/streams/merge_readable_streams.ts": "dc2db0cbf1b14d999aa2aa2a2a1ba24ce58953878f29845ed9319321d0a01fab",
    "https://deno.land/std@0.201.0/streams/mod.ts": "206c718cebeba0ea690be032f6095a8fd079d4168ad7eb3d6e1b6d35b8ee4f42",
    "https://deno.land/std@0.201.0/streams/read_all.ts": "ee319772fb0fd28302f97343cc48dfcf948f154fd0d755d8efe65814b70533be",
    "https://deno.land/std@0.201.0/streams/readable_stream_from_reader.ts": "9bc9e71f0ddad557daa7035daca052ca840e0a45e9d1d467d40afcf2c78933fb",
    "https://deno.land/std@0.201.0/streams/reader_from_iterable.ts": "c2d655262d1f6593b49b494430815c273a272b4804e4d07f11987813fbbb9ef1",
    "https://deno.land/std@0.201.0/streams/reader_from_stream_reader.ts": "fa4971e5615a010e49492c5d1688ca1a4d17472a41e98b498ab89a64ebd7ac73",
    "https://deno.land/std@0.201.0/streams/text_delimiter_stream.ts": "f0dc8ff953a8a77f0d1fa8db1fee62de817f36e20d79b00b1362847e30fbdd90",
    "https://deno.land/std@0.201.0/streams/text_line_stream.ts": "0f2c4b33a5fdb2476f2e060974cba1347cefe99a4af33c28a57524b1a34750fa",
    "https://deno.land/std@0.201.0/streams/to_transform_stream.ts": "50af06140c414090df8c3879f46bed4043a5d73caa60352c0c9682a88ec7a8c9",
    "https://deno.land/std@0.201.0/streams/writable_stream_from_writer.ts": "c8f6b8525089c7db5a94cffe30d2be11f77ec9a92492644461c736ffc29f68f1",
    "https://deno.land/std@0.201.0/streams/write_all.ts": "aec90152978581ea62d56bb53a5cbf487e6a89c902f87c5969681ffbdf32b998",
    "https://deno.land/std@0.201.0/streams/writer_from_stream_writer.ts": "07c7ee025151a190f37fc42cbb01ff93afc949119ebddc6e0d0df14df1bf6950",
    "https://deno.land/std@0.201.0/streams/zip_readable_streams.ts": "5639c8fea8c21d7dab6f34edcf3d08218b7e548a197f7fd79a3a995305a81e9f",
    "https://deno.land/x/code_block_writer@12.0.0/mod.ts": "2c3448060e47c9d08604c8f40dee34343f553f33edcdfebbf648442be33205e5",
    "https://deno.land/x/code_block_writer@12.0.0/utils/string_utils.ts": "60cb4ec8bd335bf241ef785ccec51e809d576ff8e8d29da43d2273b69ce2a6ff",
    "https://deno.land/x/deno_cache@0.5.2/auth_tokens.ts": "5d1d56474c54a9d152e44d43ea17c2e6a398dd1e9682c69811a313567c01ee1e",
    "https://deno.land/x/deno_cache@0.5.2/cache.ts": "92ce8511e1e5c00fdf53a41619aa77d632ea8e0fc711324322e4d5ebf8133911",
    "https://deno.land/x/deno_cache@0.5.2/deno_dir.ts": "1ea355b8ba11c630d076b222b197cfc937dd81e5a4a260938997da99e8ff93a0",
    "https://deno.land/x/deno_cache@0.5.2/deps.ts": "26a75905652510b76e54b6d5ef3cf824d1062031e00782efcd768978419224e7",
    "https://deno.land/x/deno_cache@0.5.2/dirs.ts": "009c6f54e0b610914d6ce9f72f6f6ccfffd2d47a79a19061e0a9eb4253836069",
    "https://deno.land/x/deno_cache@0.5.2/disk_cache.ts": "66a1e604a8d564b6dd0500326cac33d08b561d331036bf7272def80f2f7952aa",
    "https://deno.land/x/deno_cache@0.5.2/file_fetcher.ts": "89616c50b6df73fb04e73d0b7cd99e5f2ed7967386913d65b9e8baa4238501f7",
    "https://deno.land/x/deno_cache@0.5.2/http_cache.ts": "407135eaf2802809ed373c230d57da7ef8dff923c4abf205410b9b99886491fd",
    "https://deno.land/x/deno_cache@0.5.2/lib/deno_cache_dir.generated.js": "18b6526d0c50791a73dd0eb894e99de1ac05ee79dcbd53298ff5b5b6b0757fe6",
    "https://deno.land/x/deno_cache@0.5.2/lib/snippets/deno_cache_dir-77bed54ace8005e0/fs.js": "cbe3a976ed63c72c7cb34ef845c27013033a3b11f9d8d3e2c4aa5dda2c0c7af6",
    "https://deno.land/x/deno_cache@0.5.2/mod.ts": "0b4d071ad095128bdc2b1bc6e5d2095222dcbae08287261690ee9757e6300db6",
    "https://deno.land/x/deno_cache@0.5.2/util.ts": "f3f5a0cfc60051f09162942fb0ee87a0e27b11a12aec4c22076e3006be4cc1e2",
    "https://deno.land/x/dir@1.5.1/data_local_dir/mod.ts": "91eb1c4bfadfbeda30171007bac6d85aadacd43224a5ed721bbe56bc64e9eb66",
    "https://deno.land/x/dnt@0.38.1/lib/compiler.ts": "209ad2e1b294f93f87ec02ade9a0821f942d2e524104552d0aa8ff87021050a5",
    "https://deno.land/x/dnt@0.38.1/lib/compiler_transforms.ts": "f21aba052f5dcf0b0595c734450842855c7f572e96165d3d34f8fed2fc1f7ba1",
    "https://deno.land/x/dnt@0.38.1/lib/mod.deps.ts": "30367fc68bcd2acf3b7020cf5cdd26f817f7ac9ac35c4bfb6c4551475f91bc3e",
    "https://deno.land/x/dnt@0.38.1/lib/npm_ignore.ts": "57fbb7e7b935417d225eec586c6aa240288905eb095847d3f6a88e290209df4e",
    "https://deno.land/x/dnt@0.38.1/lib/package_json.ts": "61f35b06e374ed39ca776d29d67df4be7ee809d0bca29a8239687556c6d027c2",
    "https://deno.land/x/dnt@0.38.1/lib/pkg/dnt_wasm.generated.js": "cfb352ae839865f5698c9b35099d4c783510195a1e3c9f9b04d94fac86394ed9",
    "https://deno.land/x/dnt@0.38.1/lib/pkg/snippets/dnt-wasm-a15ef721fa5290c5/helpers.js": "45f74f00472b3a399bc16e5dc056966b55dcdd8fa2bd61505c6dfd2f5d33b9f4",
    "https://deno.land/x/dnt@0.38.1/lib/shims.ts": "df1bd4d9a196dca4b2d512b1564fff64ac6c945189a273d706391f87f210d7e6",
    "https://deno.land/x/dnt@0.38.1/lib/test_runner/get_test_runner_code.ts": "4dc7a73a13b027341c0688df2b29a4ef102f287c126f134c33f69f0339b46968",
    "https://deno.land/x/dnt@0.38.1/lib/test_runner/test_runner.ts": "4d0da0500ec427d5f390d9a8d42fb882fbeccc92c92d66b6f2e758606dbd40e6",
    "https://deno.land/x/dnt@0.38.1/lib/transform.deps.ts": "e42f2bdef46d098453bdba19261a67cf90b583f5d868f7fe83113c1380d9b85c",
    "https://deno.land/x/dnt@0.38.1/lib/types.ts": "b8e228b2fac44c2ae902fbb73b1689f6ab889915bd66486c8a85c0c24255f5fb",
    "https://deno.land/x/dnt@0.38.1/lib/utils.ts": "878b7ac7003a10c16e6061aa49dbef9b42bd43174853ebffc9b67ea47eeb11d8",
    "https://deno.land/x/dnt@0.38.1/mod.ts": "b13349fe77847cf58e26b40bcd58797a8cec5d71b31a1ca567071329c8489de1",
    "https://deno.land/x/dnt@0.38.1/transform.ts": "f68743a14cf9bf53bfc9c81073871d69d447a7f9e3453e0447ca2fb78926bb1d",
    "https://deno.land/x/ts_morph@18.0.0/bootstrap/mod.ts": "b53aad517f106c4079971fcd4a81ab79fadc40b50061a3ab2b741a09119d51e9",
    "https://deno.land/x/ts_morph@18.0.0/bootstrap/ts_morph_bootstrap.js": "6645ac03c5e6687dfa8c78109dc5df0250b811ecb3aea2d97c504c35e8401c06",
    "https://deno.land/x/ts_morph@18.0.0/common/DenoRuntime.ts": "6a7180f0c6e90dcf23ccffc86aa8271c20b1c4f34c570588d08a45880b7e172d",
    "https://deno.land/x/ts_morph@18.0.0/common/mod.ts": "01985d2ee7da8d1caee318a9d07664774fbee4e31602bc2bb6bb62c3489555ed",
    "https://deno.land/x/ts_morph@18.0.0/common/ts_morph_common.js": "845671ca951073400ce142f8acefa2d39ea9a51e29ca80928642f3f8cf2b7700",
    "https://deno.land/x/ts_morph@18.0.0/common/typescript.js": "d5c598b6a2db2202d0428fca5fd79fc9a301a71880831a805d778797d2413c59",
    "https://deno.land/x/wasmbuild@0.15.0/cache.ts": "89eea5f3ce6035a1164b3e655c95f21300498920575ade23161421f5b01967f4",
    "https://deno.land/x/wasmbuild@0.15.0/loader.ts": "d98d195a715f823151cbc8baa3f32127337628379a02d9eb2a3c5902dbccfc02",
    "https://raw.githubusercontent.com/Robo-Labs/mongo/main/deps.ts": "2d4e6a08fd85d9d52124c14e0f718b4eb93424445da2cffe8aaebfe6eedb2472",
    "https://raw.githubusercontent.com/Robo-Labs/mongo/main/mod.ts": "0989f34d08c40440b8786140abdaf863e964e23df5d1a80e661d3d4170d9d21e",
    "https://raw.githubusercontent.com/Robo-Labs/mongo/main/src/auth/base.ts": "7fe14cf0a63d6bbc4ba69a000a04b3b184d26842504d94652a6af2d0c9494944",
    "https://raw.githubusercontent.com/Robo-Labs/mongo/main/src/auth/mod.ts": "b161611bd5be9e9d1b4497227c8ea93ad4daadcd98038c9e5a707bc5da7a25ca",
    "https://raw.githubusercontent.com/Robo-Labs/mongo/main/src/auth/pbkdf2.ts": "1f1db192fd37869d118ab34780b64567ebcf0ad83a03ef28b3d740cae9adb47a",
    "https://raw.githubusercontent.com/Robo-Labs/mongo/main/src/auth/scram.ts": "187db02e94e7e5423ec902e87d6839028770dca57830dca7f154dcd22a959c0f",
    "https://raw.githubusercontent.com/Robo-Labs/mongo/main/src/auth/x509.ts": "a75b27c549707dd441434ae400a3e6a24da7fe7d4e0e80c9bb79dfc6426b651e",
    "https://raw.githubusercontent.com/Robo-Labs/mongo/main/src/client.ts": "368cac10b3df3bfbc2dfba468d1bbd1332c359a643e0bb81a13d7220a58b43ff",
    "https://raw.githubusercontent.com/Robo-Labs/mongo/main/src/cluster.ts": "cff69bf284a5c7fcaff231494f1ab56ca652e725e58622723e402fbb61448d0e",
    "https://raw.githubusercontent.com/Robo-Labs/mongo/main/src/collection/collection.ts": "6748479b4e9992f9f2ce8e22f891f8917349c1a0e53cb89da5a66cf2b44b9016",
    "https://raw.githubusercontent.com/Robo-Labs/mongo/main/src/collection/commands/aggregate.ts": "440906a670adb46edb36fd95573ffa83f192775108b621520be992165910e895",
    "https://raw.githubusercontent.com/Robo-Labs/mongo/main/src/collection/commands/find.ts": "5c3b750d8c82ce08d865a381bc71f600406cbc4912c4aa689238755579fb71f8",
    "https://raw.githubusercontent.com/Robo-Labs/mongo/main/src/collection/commands/list_indexes.ts": "d32a5120305d0547497026b4f5ab2ecc2f40ff7f44c405b99c2a0287765333f5",
    "https://raw.githubusercontent.com/Robo-Labs/mongo/main/src/collection/commands/update.ts": "cf352108a5dd34f0928c2196a432383d366b8ed292676c71358b9ecf1289418d",
    "https://raw.githubusercontent.com/Robo-Labs/mongo/main/src/collection/mod.ts": "bd791a0b9b46be4365f88c54893584eadec2f8cd799db9eb05e0b5b4c8d72b8e",
    "https://raw.githubusercontent.com/Robo-Labs/mongo/main/src/database.ts": "c7b677beddd3eb16f79e8d3c9473b5f86e45541b8a04cc896aabe04d029fa7a0",
    "https://raw.githubusercontent.com/Robo-Labs/mongo/main/src/error.ts": "8180a822b0831a94a6a28815865b5b40e3996220684bea60fcb81b272ddd06eb",
    "https://raw.githubusercontent.com/Robo-Labs/mongo/main/src/gridfs/bucket.ts": "a4452d63f6928f57486a214a499b54b80b98cc0d13e3d85a6841b34d5ff12a61",
    "https://raw.githubusercontent.com/Robo-Labs/mongo/main/src/gridfs/indexes.ts": "7d302114fb4d81c4a873614a51d11ddb8b471f967179dddb8269c39b3cadf4e3",
    "https://raw.githubusercontent.com/Robo-Labs/mongo/main/src/gridfs/upload.ts": "6a54a21b00c6f22ad0da6ceef7a2932dc600560f594c2551abd8e4a64976abae",
    "https://raw.githubusercontent.com/Robo-Labs/mongo/main/src/protocol/cursor.ts": "c370a28856fa236129cc2d7abf7ebc4ac6cdd60acb93e0e7371433f7332394cb",
    "https://raw.githubusercontent.com/Robo-Labs/mongo/main/src/protocol/handshake.ts": "3c3ba547d5322751b9756ce9a4750f3cf18febee0a64edca5b007634bd80e0fe",
    "https://raw.githubusercontent.com/Robo-Labs/mongo/main/src/protocol/header.ts": "0f28db842f886e57b7013606c1391affab2e2960a1a4568d2502e7b788117716",
    "https://raw.githubusercontent.com/Robo-Labs/mongo/main/src/protocol/message.ts": "7b4e38489070fc6281d1b3f13e99504310f09273baa8bcb11d82b1e30ea04202",
    "https://raw.githubusercontent.com/Robo-Labs/mongo/main/src/protocol/mod.ts": "4e24d563049c0a236234598ca786ca13778dc17fdb80ac543ac6c75d0c5094d7",
    "https://raw.githubusercontent.com/Robo-Labs/mongo/main/src/protocol/protocol.ts": "92568dd86e6ef3f54054113d9f5620f158fc1dfee2a7c9d13623975835d5996a",
    "https://raw.githubusercontent.com/Robo-Labs/mongo/main/src/types.ts": "b1ce2292e43b2eb2803363dec2a168fbf6f73e589d017553e06a571e14fbb585",
    "https://raw.githubusercontent.com/Robo-Labs/mongo/main/src/types/geojson.ts": "14690e2fa1591939253ddc9de181b0664051e9462db131b72be5fb9d064dff44",
    "https://raw.githubusercontent.com/Robo-Labs/mongo/main/src/types/geospatial.ts": "c73ee13536365fa5d868b65ab47b3488a5f223a67e1e059761886f750db70ef9",
    "https://raw.githubusercontent.com/Robo-Labs/mongo/main/src/types/gridfs.ts": "e1fd12c3ca58d437267e7a8557d745d23b9d8916d1da34c1847e5e373728dfa0",
    "https://raw.githubusercontent.com/Robo-Labs/mongo/main/src/types/read_write_concern.ts": "d00f35eb85520e776741888685d08d479766a19e9a0a970b53f4594c9db00496",
    "https://raw.githubusercontent.com/Robo-Labs/mongo/main/src/utils/ns.ts": "fb0c57b8dc4d31f8993112d267dec3c163d3e8862198d1cd03b2b51bcc3caad9",
    "https://raw.githubusercontent.com/Robo-Labs/mongo/main/src/utils/saslprep/deps.ts": "95ceb81b353110526dacf2a98854bc79d6e17d7f173af8806e91c05555d7b8c7",
    "https://raw.githubusercontent.com/Robo-Labs/mongo/main/src/utils/saslprep/load_code_points.ts": "f6a4ef2eb2345eac40ffbf1a30661cca803f399865f2a0fadafb71f57d4c97bf",
    "https://raw.githubusercontent.com/Robo-Labs/mongo/main/src/utils/saslprep/memory_pager.ts": "f55a79a13ec569c21630c3915a9af0c6fc0aa2b899121fa2a85a813c6dd4afba",
    "https://raw.githubusercontent.com/Robo-Labs/mongo/main/src/utils/saslprep/mod.ts": "0a8a39a0784d065a79c54ce63d7d7b103d0b94addc5b7bcf985517ba2442c8a1",
    "https://raw.githubusercontent.com/Robo-Labs/mongo/main/src/utils/saslprep/sparse_bitfield.ts": "07d6fe2ecd4ba5f711c44c1ae409bb9c1fe3a3cfc09e27434d231d4aae46dd2d",
    "https://raw.githubusercontent.com/Robo-Labs/mongo/main/src/utils/srv.ts": "ed5f78ffe6480faac68291a87e51e3674eff5f28aec937ee97248e99e1317b16",
    "https://raw.githubusercontent.com/Robo-Labs/mongo/main/src/utils/uri.ts": "dcfab8e1dcfcc875c75ada1d9f366664480c03b65594990d6342ed88925452e5",
    "https://raw.githubusercontent.com/hazelnutcloud/web_bson/master/mod.js": "7affd5b577349cfe6776c2c76b5003b94f7fadeffa579f18525d73326bbc043a"
  },
  "npm": {
    "specifiers": {
      "abitype@0.9.8": "abitype@0.9.8",
      "dataloader@2.2.2": "dataloader@2.2.2",
      "graphql-compose-mongoose@9.8.0": "graphql-compose-mongoose@9.8.0_graphql-compose@9.0.10__graphql@16.8.0_mongoose@7.5.0_graphql@16.8.0",
      "graphql-compose@9.0.10": "graphql-compose@9.0.10_graphql@16.8.0",
      "graphql-scalars@1.22.2": "graphql-scalars@1.22.2_graphql@16.8.0",
      "graphql-yoga@4.0.4": "graphql-yoga@4.0.4_graphql@16.8.0",
      "graphql@16.8.0": "graphql@16.8.0",
      "json-bigint-patch": "json-bigint-patch@0.0.8",
      "lru-cache@10.0.1": "lru-cache@10.0.1",
      "mongoose@7.5.0": "mongoose@7.5.0",
      "viem@1.10.4": "viem@1.10.4_ws@8.13.0"
    },
    "packages": {
      "@adraffy/ens-normalize@1.9.4": {
        "integrity": "sha512-UK0bHA7hh9cR39V+4gl2/NnBBjoXIxkuWAPCaY4X7fbH4L/azIi7ilWOCjMUYfpJgraLUAqkRi2BqrjME8Rynw==",
        "dependencies": {}
      },
      "@envelop/core@4.0.1": {
        "integrity": "sha512-uBLI7ql3hZopz7vMi9UDAb9HWzKw4STKiqg4QT+lb+tu5ZNaeuJ4fom2rrmgITz38B85QZOhZrGyVrlJXxfDzw==",
        "dependencies": {
          "@envelop/types": "@envelop/types@4.0.1",
          "tslib": "tslib@2.6.2"
        }
      },
      "@envelop/types@4.0.1": {
        "integrity": "sha512-ULo27/doEsP7uUhm2iTnElx13qTO6I5FKvmLoX41cpfuw8x6e0NUFknoqhEsLzAbgz8xVS5mjwcxGCXh4lDYzg==",
        "dependencies": {
          "tslib": "tslib@2.6.2"
        }
      },
      "@graphql-tools/executor@1.2.0_graphql@16.8.0": {
        "integrity": "sha512-SKlIcMA71Dha5JnEWlw4XxcaJ+YupuXg0QCZgl2TOLFz4SkGCwU/geAsJvUJFwK2RbVLpQv/UMq67lOaBuwDtg==",
        "dependencies": {
          "@graphql-tools/utils": "@graphql-tools/utils@10.0.6_graphql@16.8.0",
          "@graphql-typed-document-node/core": "@graphql-typed-document-node/core@3.2.0_graphql@16.8.0",
          "@repeaterjs/repeater": "@repeaterjs/repeater@3.0.4",
          "graphql": "graphql@16.8.0",
          "tslib": "tslib@2.6.2",
          "value-or-promise": "value-or-promise@1.0.12"
        }
      },
      "@graphql-tools/merge@9.0.0_graphql@16.8.0": {
        "integrity": "sha512-J7/xqjkGTTwOJmaJQJ2C+VDBDOWJL3lKrHJN4yMaRLAJH3PosB7GiPRaSDZdErs0+F77sH2MKs2haMMkywzx7Q==",
        "dependencies": {
          "@graphql-tools/utils": "@graphql-tools/utils@10.0.6_graphql@16.8.0",
          "graphql": "graphql@16.8.0",
          "tslib": "tslib@2.6.2"
        }
      },
      "@graphql-tools/schema@10.0.0_graphql@16.8.0": {
        "integrity": "sha512-kf3qOXMFcMs2f/S8Y3A8fm/2w+GaHAkfr3Gnhh2LOug/JgpY/ywgFVxO3jOeSpSEdoYcDKLcXVjMigNbY4AdQg==",
        "dependencies": {
          "@graphql-tools/merge": "@graphql-tools/merge@9.0.0_graphql@16.8.0",
          "@graphql-tools/utils": "@graphql-tools/utils@10.0.6_graphql@16.8.0",
          "graphql": "graphql@16.8.0",
          "tslib": "tslib@2.6.2",
          "value-or-promise": "value-or-promise@1.0.12"
        }
      },
      "@graphql-tools/utils@10.0.6_graphql@16.8.0": {
        "integrity": "sha512-hZMjl/BbX10iagovakgf3IiqArx8TPsotq5pwBld37uIX1JiZoSbgbCIFol7u55bh32o6cfDEiiJgfAD5fbeyQ==",
        "dependencies": {
          "@graphql-typed-document-node/core": "@graphql-typed-document-node/core@3.2.0_graphql@16.8.0",
          "dset": "dset@3.1.2",
          "graphql": "graphql@16.8.0",
          "tslib": "tslib@2.6.2"
        }
      },
      "@graphql-typed-document-node/core@3.2.0_graphql@16.8.0": {
        "integrity": "sha512-mB9oAsNCm9aM3/SOv4YtBMqZbYj10R7dkq8byBqxGY/ncFwhf2oQzMV+LCRlWoDSEBJ3COiR1yeDvMtsoOsuFQ==",
        "dependencies": {
          "graphql": "graphql@16.8.0"
        }
      },
      "@graphql-yoga/logger@1.0.0": {
        "integrity": "sha512-JYoxwnPggH2BfO+dWlWZkDeFhyFZqaTRGLvFhy+Pjp2UxitEW6nDrw+pEDw/K9tJwMjIFMmTT9VfTqrnESmBHg==",
        "dependencies": {
          "tslib": "tslib@2.6.2"
        }
      },
      "@graphql-yoga/subscription@4.0.0": {
        "integrity": "sha512-0qsN/BPPZNMoC2CZ8i+P6PgiJyHh1H35aKDt37qARBDaIOKDQuvEOq7+4txUKElcmXi7DYFo109FkhSQoEajrg==",
        "dependencies": {
          "@graphql-yoga/typed-event-target": "@graphql-yoga/typed-event-target@2.0.0",
          "@repeaterjs/repeater": "@repeaterjs/repeater@3.0.4",
          "@whatwg-node/events": "@whatwg-node/events@0.1.1",
          "tslib": "tslib@2.6.2"
        }
      },
      "@graphql-yoga/typed-event-target@2.0.0": {
        "integrity": "sha512-oA/VGxGmaSDym1glOHrltw43qZsFwLLjBwvh57B79UKX/vo3+UQcRgOyE44c5RP7DCYjkrC2tuArZmb6jCzysw==",
        "dependencies": {
          "@repeaterjs/repeater": "@repeaterjs/repeater@3.0.4",
          "tslib": "tslib@2.6.2"
        }
      },
      "@noble/curves@1.2.0": {
        "integrity": "sha512-oYclrNgRaM9SsBUBVbb8M6DTV7ZHRTKugureoYEncY5c65HOmRzvSiTE3y5CYaPYJA/GVkrhXEoF0M3Ya9PMnw==",
        "dependencies": {
          "@noble/hashes": "@noble/hashes@1.3.2"
        }
      },
      "@noble/hashes@1.3.2": {
        "integrity": "sha512-MVC8EAQp7MvEcm30KWENFjgR+Mkmf+D189XJTkFIlwohU5hcBbn1ZkKq7KVTi2Hme3PMGF390DaL52beVrIihQ==",
        "dependencies": {}
      },
      "@repeaterjs/repeater@3.0.4": {
        "integrity": "sha512-AW8PKd6iX3vAZ0vA43nOUOnbq/X5ihgU+mSXXqunMkeQADGiqw/PY0JNeYtD5sr0PAy51YPgAPbDoeapv9r8WA==",
        "dependencies": {}
      },
      "@scure/base@1.1.3": {
        "integrity": "sha512-/+SgoRjLq7Xlf0CWuLHq2LUZeL/w65kfzAPG5NH9pcmBhs+nunQTn4gvdwgMTIXnt9b2C/1SeL2XiysZEyIC9Q==",
        "dependencies": {}
      },
      "@scure/bip32@1.3.2": {
        "integrity": "sha512-N1ZhksgwD3OBlwTv3R6KFEcPojl/W4ElJOeCZdi+vuI5QmTFwLq3OFf2zd2ROpKvxFdgZ6hUpb0dx9bVNEwYCA==",
        "dependencies": {
          "@noble/curves": "@noble/curves@1.2.0",
          "@noble/hashes": "@noble/hashes@1.3.2",
          "@scure/base": "@scure/base@1.1.3"
        }
      },
      "@scure/bip39@1.2.1": {
        "integrity": "sha512-Z3/Fsz1yr904dduJD0NpiyRHhRYHdcnyh73FZWiV+/qhWi83wNJ3NWolYqCEN+ZWsUz2TWwajJggcRE9r1zUYg==",
        "dependencies": {
          "@noble/hashes": "@noble/hashes@1.3.2",
          "@scure/base": "@scure/base@1.1.3"
        }
      },
      "@types/node@18.16.19": {
        "integrity": "sha512-IXl7o+R9iti9eBW4Wg2hx1xQDig183jj7YLn8F7udNceyfkbn1ZxmzZXuak20gR40D7pIkIY1kYGx5VIGbaHKA==",
        "dependencies": {}
      },
      "@types/webidl-conversions@7.0.0": {
        "integrity": "sha512-xTE1E+YF4aWPJJeUzaZI5DRntlkY3+BCVJi0axFptnjGmAoWxkyREIh/XMrfxVLejwQxMCfDXdICo0VLxThrog==",
        "dependencies": {}
      },
      "@types/whatwg-url@8.2.2": {
        "integrity": "sha512-FtQu10RWgn3D9U4aazdwIE2yzphmTJREDqNdODHrbrZmmMqI0vMheC/6NE/J1Yveaj8H+ela+YwWTjq5PGmuhA==",
        "dependencies": {
          "@types/node": "@types/node@18.16.19",
          "@types/webidl-conversions": "@types/webidl-conversions@7.0.0"
        }
      },
      "@types/ws@8.5.5": {
        "integrity": "sha512-lwhs8hktwxSjf9UaZ9tG5M03PGogvFaH8gUgLNbN9HKIg0dvv6q+gkSuJ8HN4/VbyxkuLzCjlN7GquQ0gUJfIg==",
        "dependencies": {
          "@types/node": "@types/node@18.16.19"
        }
      },
      "@whatwg-node/events@0.1.1": {
        "integrity": "sha512-AyQEn5hIPV7Ze+xFoXVU3QTHXVbWPrzaOkxtENMPMuNL6VVHrp4hHfDt9nrQpjO7BgvuM95dMtkycX5M/DZR3w==",
        "dependencies": {}
      },
      "@whatwg-node/fetch@0.9.12": {
        "integrity": "sha512-zNUkPJNfM1v9Jhy3Vmi2a7lQxaNIDTSiAb1NKO5eMsSdo05XoddBEj/CHj1xu4IOMU68VerDvuBVwzPjxBl12g==",
        "dependencies": {
          "@whatwg-node/node-fetch": "@whatwg-node/node-fetch@0.4.18",
          "urlpattern-polyfill": "urlpattern-polyfill@9.0.0"
        }
      },
      "@whatwg-node/node-fetch@0.4.18": {
        "integrity": "sha512-zdey6buMKCqDVDq+tMqcjopO75Fb6iLqWo+g6cWwN5kiwctEHtVcbws2lJUFhCbo+TLZeH6bMDRUXEo5bkPtcQ==",
        "dependencies": {
          "@whatwg-node/events": "@whatwg-node/events@0.1.1",
          "busboy": "busboy@1.6.0",
          "fast-querystring": "fast-querystring@1.1.2",
          "fast-url-parser": "fast-url-parser@1.1.3",
          "tslib": "tslib@2.6.2"
        }
      },
      "@whatwg-node/server@0.9.14": {
        "integrity": "sha512-I8TT0NoCP+xThLBuGlU6dgq5wpExkphNMo2geZwQW0vAmEPtc3MNMZMIYqg5GyNmpv5Nf7fnxb8tVOIHbDvuDA==",
        "dependencies": {
          "@whatwg-node/fetch": "@whatwg-node/fetch@0.9.12",
          "tslib": "tslib@2.6.2"
        }
      },
      "abitype@0.9.8": {
        "integrity": "sha512-puLifILdm+8sjyss4S+fsUN09obiT1g2YW6CtcQF+QDzxR0euzgEB29MZujC6zMk2a6SVmtttq1fc6+YFA7WYQ==",
        "dependencies": {}
      },
      "bson@5.4.0": {
        "integrity": "sha512-WRZ5SQI5GfUuKnPTNmAYPiKIof3ORXAF4IRU5UcgmivNIon01rWQlw5RUH954dpu8yGL8T59YShVddIPaU/gFA==",
        "dependencies": {}
      },
      "busboy@1.6.0": {
        "integrity": "sha512-8SFQbg/0hQ9xy3UNTB0YEnsNBbWfhf7RtnzpL7TkBiTBRfrQ9Fxcnz7VJsleJpyp6rVLvXiuORqjlHi5q+PYuA==",
        "dependencies": {
          "streamsearch": "streamsearch@1.1.0"
        }
      },
      "dataloader@2.2.2": {
        "integrity": "sha512-8YnDaaf7N3k/q5HnTJVuzSyLETjoZjVmHc4AeKAzOvKHEFQKcn64OKBfzHYtE9zGjctNM7V9I0MfnUVLpi7M5g==",
        "dependencies": {}
      },
      "debug@4.3.4": {
        "integrity": "sha512-PRWFHuSU3eDtQJPvnNY7Jcket1j0t5OuOsFzPPzsekD52Zl8qUfFIPEiswXqIvHWGVHOgX+7G/vCNNhehwxfkQ==",
        "dependencies": {
          "ms": "ms@2.1.2"
        }
      },
      "dset@3.1.2": {
        "integrity": "sha512-g/M9sqy3oHe477Ar4voQxWtaPIFw1jTdKZuomOjhCcBx9nHUNn0pu6NopuFFrTh/TRZIKEj+76vLWFu9BNKk+Q==",
        "dependencies": {}
      },
      "fast-decode-uri-component@1.0.1": {
        "integrity": "sha512-WKgKWg5eUxvRZGwW8FvfbaH7AXSh2cL+3j5fMGzUMCxWBJ3dV3a7Wz8y2f/uQ0e3B6WmodD3oS54jTQ9HVTIIg==",
        "dependencies": {}
      },
      "fast-querystring@1.1.2": {
        "integrity": "sha512-g6KuKWmFXc0fID8WWH0jit4g0AGBoJhCkJMb1RmbsSEUNvQ+ZC8D6CUZ+GtF8nMzSPXnhiePyyqqipzNNEnHjg==",
        "dependencies": {
          "fast-decode-uri-component": "fast-decode-uri-component@1.0.1"
        }
      },
      "fast-url-parser@1.1.3": {
        "integrity": "sha512-5jOCVXADYNuRkKFzNJ0dCCewsZiYo0dz8QNYljkOpFC6r2U4OBmKtvm/Tsuh4w1YYdDqDb31a8TVhBJ2OJKdqQ==",
        "dependencies": {
          "punycode": "punycode@1.4.1"
        }
      },
      "graphql-compose-connection@8.2.1_graphql-compose@9.0.10__graphql@16.8.0_graphql@16.8.0": {
        "integrity": "sha512-75QOx1HusfkLzDlF+RMGoC0UowbZ2R7/xFRIMfbQf1gc6eeRqiGmTWFxHaUYk2WjTAB4dGO7p/gllfwqO0W/TA==",
        "dependencies": {
          "graphql-compose": "graphql-compose@9.0.10_graphql@16.8.0"
        }
      },
      "graphql-compose-mongoose@9.8.0_graphql-compose@9.0.10__graphql@16.8.0_mongoose@7.5.0_graphql@16.8.0": {
        "integrity": "sha512-gf5ss5UkMNqOjdr3AO7K2eF5Ak5bGT8f+eO55oMWtA8CivH5klTfP7d6+p81KaCAN0ClrAyb6qDhWosD4TYL9A==",
        "dependencies": {
          "dataloader": "dataloader@2.2.2",
          "graphql-compose": "graphql-compose@9.0.10_graphql@16.8.0",
          "graphql-compose-connection": "graphql-compose-connection@8.2.1_graphql-compose@9.0.10__graphql@16.8.0_graphql@16.8.0",
          "graphql-compose-pagination": "graphql-compose-pagination@8.3.0_graphql-compose@9.0.10__graphql@16.8.0_graphql@16.8.0",
          "mongoose": "mongoose@7.5.0"
        }
      },
      "graphql-compose-pagination@8.3.0_graphql-compose@9.0.10__graphql@16.8.0_graphql@16.8.0": {
        "integrity": "sha512-zZoBhlWD9KnAJ9AUOeFNeoE4Q/zMxZaxg0tR+HFMVNFnw7ENUnIChMWnD2uvmvik+k8Yv304hMF4n81okGVsJw==",
        "dependencies": {
          "graphql-compose": "graphql-compose@9.0.10_graphql@16.8.0"
        }
      },
      "graphql-compose@9.0.10_graphql@16.8.0": {
        "integrity": "sha512-UsVoxfi2+c8WbHl2pEB+teoRRZoY4mbWBoijeLDGpAZBSPChnqtSRjp+T9UcouLCwGr5ooNyOQLoI3OVzU1bPQ==",
        "dependencies": {
          "graphql-type-json": "graphql-type-json@0.3.2_graphql@16.8.0"
        }
      },
      "graphql-scalars@1.22.2_graphql@16.8.0": {
        "integrity": "sha512-my9FB4GtghqXqi/lWSVAOPiTzTnnEzdOXCsAC2bb5V7EFNQjVjwy3cSSbUvgYOtDuDibd+ZsCDhz+4eykYOlhQ==",
        "dependencies": {
          "graphql": "graphql@16.8.0",
          "tslib": "tslib@2.6.2"
        }
      },
      "graphql-type-json@0.3.2_graphql@16.8.0": {
        "integrity": "sha512-J+vjof74oMlCWXSvt0DOf2APEdZOCdubEvGDUAlqH//VBYcOYsGgRW7Xzorr44LvkjiuvecWc8fChxuZZbChtg==",
        "dependencies": {
          "graphql": "graphql@16.8.0"
        }
      },
      "graphql-yoga@4.0.4_graphql@16.8.0": {
        "integrity": "sha512-MvCLhFecYNIKuxAZisPjpIL9lxRYbpgPSNKENDO/8CV3oiFlsLJHZb5dp2sVAeLafXHeZ9TgkijLthUBc1+Jag==",
        "dependencies": {
          "@envelop/core": "@envelop/core@4.0.1",
          "@graphql-tools/executor": "@graphql-tools/executor@1.2.0_graphql@16.8.0",
          "@graphql-tools/schema": "@graphql-tools/schema@10.0.0_graphql@16.8.0",
          "@graphql-tools/utils": "@graphql-tools/utils@10.0.6_graphql@16.8.0",
          "@graphql-yoga/logger": "@graphql-yoga/logger@1.0.0",
          "@graphql-yoga/subscription": "@graphql-yoga/subscription@4.0.0",
          "@whatwg-node/fetch": "@whatwg-node/fetch@0.9.12",
          "@whatwg-node/server": "@whatwg-node/server@0.9.14",
          "dset": "dset@3.1.2",
          "graphql": "graphql@16.8.0",
          "lru-cache": "lru-cache@10.0.1",
          "tslib": "tslib@2.6.2"
        }
      },
      "graphql@16.8.0": {
        "integrity": "sha512-0oKGaR+y3qcS5mCu1vb7KG+a89vjn06C7Ihq/dDl3jA+A8B3TKomvi3CiEcVLJQGalbu8F52LxkOym7U5sSfbg==",
        "dependencies": {}
      },
      "ip@2.0.0": {
        "integrity": "sha512-WKa+XuLG1A1R0UWhl2+1XQSi+fZWMsYKffMZTTYsiZaUD8k2yDAj5atimTUD2TZkyCkNEeYE5NhFZmupOGtjYQ==",
        "dependencies": {}
      },
      "isomorphic-ws@5.0.0_ws@8.13.0": {
        "integrity": "sha512-muId7Zzn9ywDsyXgTIafTry2sV3nySZeUDe6YedVd1Hvuuep5AsIlqK+XefWpYTyJG5e503F2xIuT2lcU6rCSw==",
        "dependencies": {
          "ws": "ws@8.13.0"
        }
      },
      "json-bigint-patch@0.0.8": {
        "integrity": "sha512-xa0LTQsyaq8awYyZyuUsporWisZFiyqzxGW8CKM3t7oouf0GFAKYJnqAm6e9NLNBQOCtOLvy614DEiRX/rPbnA==",
        "dependencies": {}
      },
      "kareem@2.5.1": {
        "integrity": "sha512-7jFxRVm+jD+rkq3kY0iZDJfsO2/t4BBPeEb2qKn2lR/9KhuksYk5hxzfRYWMPV8P/x2d0kHD306YyWLzjjH+uA==",
        "dependencies": {}
      },
      "lru-cache@10.0.1": {
        "integrity": "sha512-IJ4uwUTi2qCccrioU6g9g/5rvvVl13bsdczUUcqbciD9iLr095yj8DQKdObriEvuNSx325N1rV1O0sJFszx75g==",
        "dependencies": {}
      },
      "mongodb-connection-string-url@2.6.0": {
        "integrity": "sha512-WvTZlI9ab0QYtTYnuMLgobULWhokRjtC7db9LtcVfJ+Hsnyr5eo6ZtNAt3Ly24XZScGMelOcGtm7lSn0332tPQ==",
        "dependencies": {
          "@types/whatwg-url": "@types/whatwg-url@8.2.2",
          "whatwg-url": "whatwg-url@11.0.0"
        }
      },
      "mongodb@5.8.1": {
        "integrity": "sha512-wKyh4kZvm6NrCPH8AxyzXm3JBoEf4Xulo0aUWh3hCgwgYJxyQ1KLST86ZZaSWdj6/kxYUA3+YZuyADCE61CMSg==",
        "dependencies": {
          "bson": "bson@5.4.0",
          "mongodb-connection-string-url": "mongodb-connection-string-url@2.6.0",
          "socks": "socks@2.7.1"
        }
      },
      "mongoose@7.5.0": {
        "integrity": "sha512-FpOWOb0AJuaVcplmEyIJ2eCbVGe4gOoniPD+pmft5BrGrNrsFcnYXlERdXtBApGHMHPwD7WbxTyhCbUNr72F3Q==",
        "dependencies": {
          "bson": "bson@5.4.0",
          "kareem": "kareem@2.5.1",
          "mongodb": "mongodb@5.8.1",
          "mpath": "mpath@0.9.0",
          "mquery": "mquery@5.0.0",
          "ms": "ms@2.1.3",
          "sift": "sift@16.0.1"
        }
      },
      "mpath@0.9.0": {
        "integrity": "sha512-ikJRQTk8hw5DEoFVxHG1Gn9T/xcjtdnOKIU1JTmGjZZlg9LST2mBLmcX3/ICIbgJydT2GOc15RnNy5mHmzfSew==",
        "dependencies": {}
      },
      "mquery@5.0.0": {
        "integrity": "sha512-iQMncpmEK8R8ncT8HJGsGc9Dsp8xcgYMVSbs5jgnm1lFHTZqMJTUWTDx1LBO8+mK3tPNZWFLBghQEIOULSTHZg==",
        "dependencies": {
          "debug": "debug@4.3.4"
        }
      },
      "ms@2.1.2": {
        "integrity": "sha512-sGkPx+VjMtmA6MX27oA4FBFELFCZZ4S4XqeGOXCv68tT+jb3vk/RyaKWP0PTKyWtmLSM0b+adUTEvbs1PEaH2w==",
        "dependencies": {}
      },
      "ms@2.1.3": {
        "integrity": "sha512-6FlzubTLZG3J2a/NVCAleEhjzq5oxgHyaCU9yYXvcLsvoVaHJq/s5xXI6/XXP6tz7R9xAOtHnSO/tXtF3WRTlA==",
        "dependencies": {}
      },
      "punycode@1.4.1": {
        "integrity": "sha512-jmYNElW7yvO7TV33CjSmvSiE2yco3bV2czu/OzDKdMNVZQWfxCblURLhf+47syQRBntjfLdd/H0egrzIG+oaFQ==",
        "dependencies": {}
      },
      "punycode@2.3.0": {
        "integrity": "sha512-rRV+zQD8tVFys26lAGR9WUuS4iUAngJScM+ZRSKtvl5tKeZ2t5bvdNFdNHBW9FWR4guGHlgmsZ1G7BSm2wTbuA==",
        "dependencies": {}
      },
      "sift@16.0.1": {
        "integrity": "sha512-Wv6BjQ5zbhW7VFefWusVP33T/EM0vYikCaQ2qR8yULbsilAT8/wQaXvuQ3ptGLpoKx+lihJE3y2UTgKDyyNHZQ==",
        "dependencies": {}
      },
      "smart-buffer@4.2.0": {
        "integrity": "sha512-94hK0Hh8rPqQl2xXc3HsaBoOXKV20MToPkcXvwbISWLEs+64sBq5kFgn2kJDHb1Pry9yrP0dxrCI9RRci7RXKg==",
        "dependencies": {}
      },
      "socks@2.7.1": {
        "integrity": "sha512-7maUZy1N7uo6+WVEX6psASxtNlKaNVMlGQKkG/63nEDdLOWNbiUMoLK7X4uYoLhQstau72mLgfEWcXcwsaHbYQ==",
        "dependencies": {
          "ip": "ip@2.0.0",
          "smart-buffer": "smart-buffer@4.2.0"
        }
      },
      "streamsearch@1.1.0": {
        "integrity": "sha512-Mcc5wHehp9aXz1ax6bZUyY5afg9u2rv5cqQI3mRrYkGC8rW2hM02jWuwjtL++LS5qinSyhj2QfLyNsuc+VsExg==",
        "dependencies": {}
      },
      "tr46@3.0.0": {
        "integrity": "sha512-l7FvfAHlcmulp8kr+flpQZmVwtu7nfRV7NZujtN0OqES8EL4O4e0qqzL0DC5gAvx/ZC/9lk6rhcUwYvkBnBnYA==",
        "dependencies": {
          "punycode": "punycode@2.3.0"
        }
      },
      "tslib@2.6.2": {
        "integrity": "sha512-AEYxH93jGFPn/a2iVAwW87VuUIkR1FVUKB77NwMF7nBTDkDrrT/Hpt/IrCJ0QXhW27jTBDcf5ZY7w6RiqTMw2Q==",
        "dependencies": {}
      },
      "urlpattern-polyfill@9.0.0": {
        "integrity": "sha512-WHN8KDQblxd32odxeIgo83rdVDE2bvdkb86it7bMhYZwWKJz0+O0RK/eZiHYnM+zgt/U7hAHOlCQGfjjvSkw2g==",
        "dependencies": {}
      },
      "value-or-promise@1.0.12": {
        "integrity": "sha512-Z6Uz+TYwEqE7ZN50gwn+1LCVo9ZVrpxRPOhOLnncYkY1ZzOYtrX8Fwf/rFktZ8R5mJms6EZf5TqNOMeZmnPq9Q==",
        "dependencies": {}
      },
      "viem@1.10.4_ws@8.13.0": {
        "integrity": "sha512-GRnz1KLWh7rDFvR0fMUBt8orVu/QbGJ3QqlLo7M71H4rig39TvjDoVyMp7eFK18+Zs6niqev1f8woX9fv3cwVg==",
        "dependencies": {
          "@adraffy/ens-normalize": "@adraffy/ens-normalize@1.9.4",
          "@noble/curves": "@noble/curves@1.2.0",
          "@noble/hashes": "@noble/hashes@1.3.2",
          "@scure/bip32": "@scure/bip32@1.3.2",
          "@scure/bip39": "@scure/bip39@1.2.1",
          "@types/ws": "@types/ws@8.5.5",
          "abitype": "abitype@0.9.8",
          "isomorphic-ws": "isomorphic-ws@5.0.0_ws@8.13.0",
          "ws": "ws@8.13.0"
        }
      },
      "webidl-conversions@7.0.0": {
        "integrity": "sha512-VwddBukDzu71offAQR975unBIGqfKZpM+8ZX6ySk8nYhVoo5CYaZyzt3YBvYtRtO+aoGlqxPg/B87NGVZ/fu6g==",
        "dependencies": {}
      },
      "whatwg-url@11.0.0": {
        "integrity": "sha512-RKT8HExMpoYx4igMiVMY83lN6UeITKJlBQ+vR/8ZJ8OCdSiN3RwCq+9gH0+Xzj0+5IrM6i4j/6LuvzbZIQgEcQ==",
        "dependencies": {
          "tr46": "tr46@3.0.0",
          "webidl-conversions": "webidl-conversions@7.0.0"
        }
      },
      "ws@8.13.0": {
        "integrity": "sha512-x9vcZYTrFPC7aSIbj7sRCYo7L/Xb8Iy+pW0ng0wt2vCJv7M9HOMy0UoN3rr+IFC7hb7vXoqS+P9ktyLLLhO+LA==",
        "dependencies": {}
      }
    }
  }
}
