{
  "version": "2",
  "remote": {
    "https://cdn.skypack.dev/-/@influxdata/influxdb-client-apis@v1.33.2-uUb3fa8y0KWDEvmPjFOB/dist=es2019,mode=imports/optimized/@influxdata/influxdb-client-apis.js": "c747c45bd23c81010f4ff21c9078e14cef080e5a2fdec64a6acf948a7400f33f",
    "https://cdn.skypack.dev/-/@influxdata/influxdb-client-browser@v1.33.2-EZL9Mz630msbXfW6w37Y/dist=es2019,mode=imports/optimized/@influxdata/influxdb-client-browser.js": "3875805feffa71b03670a10f0f4815e0e4420e61ce9cc47ed1483ecb86873934",
    "https://cdn.skypack.dev/-/@influxdata/influxdb-client-browser@v1.33.2-EZL9Mz630msbXfW6w37Y/dist=es2019,mode=types/dist/index.d.ts": "332f064bd084584121036cbcc2b77d00745ff31707a40521fd611ebf64e8a28d",
    "https://cdn.skypack.dev/@influxdata/influxdb-client-apis": "8cbfdbeef61c492dcd229935adbbdc9be38ece48aa15a02b1956ba3f418e85cb",
    "https://cdn.skypack.dev/@influxdata/influxdb-client-browser?dts": "305d971cf5c226efa1d9a82ec760c08002bf2c8f3b8d316371395e5db87559b0",
    "https://deno.land/std@0.170.0/_util/asserts.ts": "d0844e9b62510f89ce1f9878b046f6a57bf88f208a10304aab50efcb48365272",
    "https://deno.land/std@0.170.0/_util/os.ts": "8a33345f74990e627b9dfe2de9b040004b08ea5146c7c9e8fe9a29070d193934",
    "https://deno.land/std@0.170.0/encoding/base64.ts": "8605e018e49211efc767686f6f687827d7f5fd5217163e981d8d693105640d7a",
    "https://deno.land/std@0.170.0/fmt/colors.ts": "03ad95e543d2808bc43c17a3dd29d25b43d0f16287fe562a0be89bf632454a12",
    "https://deno.land/std@0.170.0/path/_constants.ts": "df1db3ffa6dd6d1252cc9617e5d72165cd2483df90e93833e13580687b6083c3",
    "https://deno.land/std@0.170.0/path/_interface.ts": "ee3b431a336b80cf445441109d089b70d87d5e248f4f90ff906820889ecf8d09",
    "https://deno.land/std@0.170.0/path/_util.ts": "d16be2a16e1204b65f9d0dfc54a9bc472cafe5f4a190b3c8471ec2016ccd1677",
    "https://deno.land/std@0.170.0/path/common.ts": "bee563630abd2d97f99d83c96c2fa0cca7cee103e8cb4e7699ec4d5db7bd2633",
    "https://deno.land/std@0.170.0/path/glob.ts": "81cc6c72be002cd546c7a22d1f263f82f63f37fe0035d9726aa96fc8f6e4afa1",
    "https://deno.land/std@0.170.0/path/mod.ts": "cf7cec7ac11b7048bb66af8ae03513e66595c279c65cfa12bfc07d9599608b78",
    "https://deno.land/std@0.170.0/path/posix.ts": "b859684bc4d80edfd4cad0a82371b50c716330bed51143d6dcdbe59e6278b30c",
    "https://deno.land/std@0.170.0/path/separator.ts": "fe1816cb765a8068afb3e8f13ad272351c85cbc739af56dacfc7d93d710fe0f9",
    "https://deno.land/std@0.170.0/path/win32.ts": "7cebd2bda6657371adc00061a1d23fdd87bcdf64b4843bb148b0b24c11b40f69",
    "https://deno.land/std@0.173.0/async/abortable.ts": "73acfb3ed7261ce0d930dbe89e43db8d34e017b063cf0eaa7d215477bf53442e",
    "https://deno.land/std@0.173.0/async/deadline.ts": "b98e50d2c42399af03ad13bbb8cf59dadb9f0cd5d70648cc0c3b9202d75ab565",
    "https://deno.land/std@0.173.0/async/debounce.ts": "adab11d04ca38d699444ac8a9d9856b4155e8dda2afd07ce78276c01ea5a4332",
    "https://deno.land/std@0.173.0/async/deferred.ts": "42790112f36a75a57db4a96d33974a936deb7b04d25c6084a9fa8a49f135def8",
    "https://deno.land/std@0.173.0/async/delay.ts": "73aa04cec034c84fc748c7be49bb15cac3dd43a57174bfdb7a4aec22c248f0dd",
    "https://deno.land/std@0.173.0/async/mod.ts": "f04344fa21738e5ad6bea37a6bfffd57c617c2d372bb9f9dcfd118a1b622e576",
    "https://deno.land/std@0.173.0/async/mux_async_iterator.ts": "70c7f2ee4e9466161350473ad61cac0b9f115cff4c552eaa7ef9d50c4cbb4cc9",
    "https://deno.land/std@0.173.0/async/pool.ts": "fd082bd4aaf26445909889435a5c74334c017847842ec035739b4ae637ae8260",
    "https://deno.land/std@0.173.0/async/retry.ts": "5efa3ba450ac0c07a40a82e2df296287b5013755d232049efd7ea2244f15b20f",
    "https://deno.land/std@0.173.0/async/tee.ts": "47e42d35f622650b02234d43803d0383a89eb4387e1b83b5a40106d18ae36757",
    "https://deno.land/std@0.173.0/collections/filter_values.ts": "5b9feaf17b9a6e5ffccdd36cf6f38fa4ffa94cff2602d381c2ad0c2a97929652",
    "https://deno.land/std@0.173.0/collections/without_all.ts": "a89f5da0b5830defed4f59666e188df411d8fece35a5f6ca69be6ca71a95c185",
    "https://deno.land/std@0.173.0/dotenv/load.ts": "0636983549b98f29ab75c9a22a42d9723f0a389ece5498fe971e7bb2556a12e2",
    "https://deno.land/std@0.173.0/dotenv/mod.ts": "6e1dbc4737e3f62a5c1f3d2a26a0e5626fb168a198375bef574fedbe86a79f20",
    "https://deno.land/std@0.175.0/_util/asserts.ts": "178dfc49a464aee693a7e285567b3d0b555dc805ff490505a8aae34f9cfb1462",
    "https://deno.land/std@0.175.0/_util/os.ts": "d932f56d41e4f6a6093d56044e29ce637f8dcc43c5a90af43504a889cf1775e3",
    "https://deno.land/std@0.175.0/path/_constants.ts": "e49961f6f4f48039c0dfed3c3f93e963ca3d92791c9d478ac5b43183413136e0",
    "https://deno.land/std@0.175.0/path/_interface.ts": "6471159dfbbc357e03882c2266d21ef9afdb1e4aa771b0545e90db58a0ba314b",
    "https://deno.land/std@0.175.0/path/_util.ts": "d7abb1e0dea065f427b89156e28cdeb32b045870acdf865833ba808a73b576d0",
    "https://deno.land/std@0.175.0/path/common.ts": "ee7505ab01fd22de3963b64e46cff31f40de34f9f8de1fff6a1bd2fe79380000",
    "https://deno.land/std@0.175.0/path/glob.ts": "d479e0a695621c94d3fd7fe7abd4f9499caf32a8de13f25073451c6ef420a4e1",
    "https://deno.land/std@0.175.0/path/mod.ts": "4b83694ac500d7d31b0cdafc927080a53dc0c3027eb2895790fb155082b0d232",
    "https://deno.land/std@0.175.0/path/posix.ts": "8b7c67ac338714b30c816079303d0285dd24af6b284f7ad63da5b27372a2c94d",
    "https://deno.land/std@0.175.0/path/separator.ts": "0fb679739d0d1d7bf45b68dacfb4ec7563597a902edbaf3c59b50d5bcadd93b1",
    "https://deno.land/std@0.175.0/path/win32.ts": "d186344e5583bcbf8b18af416d13d82b35a317116e6460a5a3953508c3de5bba",
    "https://deno.land/std@0.177.0/_util/asserts.ts": "178dfc49a464aee693a7e285567b3d0b555dc805ff490505a8aae34f9cfb1462",
    "https://deno.land/std@0.177.0/_util/os.ts": "d932f56d41e4f6a6093d56044e29ce637f8dcc43c5a90af43504a889cf1775e3",
    "https://deno.land/std@0.177.0/bytes/copy.ts": "939d89e302a9761dcf1d9c937c7711174ed74c59eef40a1e4569a05c9de88219",
    "https://deno.land/std@0.177.0/collections/filter_values.ts": "5b9feaf17b9a6e5ffccdd36cf6f38fa4ffa94cff2602d381c2ad0c2a97929652",
    "https://deno.land/std@0.177.0/collections/without_all.ts": "a89f5da0b5830defed4f59666e188df411d8fece35a5f6ca69be6ca71a95c185",
    "https://deno.land/std@0.177.0/dotenv/load.ts": "0636983549b98f29ab75c9a22a42d9723f0a389ece5498fe971e7bb2556a12e2",
    "https://deno.land/std@0.177.0/dotenv/mod.ts": "8dcbc8a40b896a0bf094582aaeadbfc76d3528872faf2efc0302beb1d2f6afd0",
    "https://deno.land/std@0.177.0/fmt/colors.ts": "938c5d44d889fb82eff6c358bea8baa7e85950a16c9f6dae3ec3a7a729164471",
    "https://deno.land/std@0.177.0/fs/exists.ts": "b8c8a457b71e9d7f29b9d2f87aad8dba2739cbe637e8926d6ba6e92567875f8e",
    "https://deno.land/std@0.177.0/io/buf_writer.ts": "759c69d304b04d2909976f2a03a24a107276fbd81ed13593c5c2d43d104b52f3",
    "https://deno.land/std@0.177.0/log/handlers.ts": "38871ecbfa67b0d39dc3384210439ac9a13cba6118b912236f9011b5989b9a4d",
    "https://deno.land/std@0.177.0/log/levels.ts": "6309147664e9e008cd6671610f2505c4c95f181f6bae4816a84b33e0aec66859",
    "https://deno.land/std@0.177.0/log/logger.ts": "257ceb47e3f5f872068073de9809b015a7400e8d86dd40563c1d80169e578f71",
    "https://deno.land/std@0.177.0/log/mod.ts": "36d156ad18de3f1806c6ddafa4965129be99ccafc27f1813de528d65b6c528bf",
    "https://deno.land/std@0.177.0/path/_constants.ts": "e49961f6f4f48039c0dfed3c3f93e963ca3d92791c9d478ac5b43183413136e0",
    "https://deno.land/std@0.177.0/path/_interface.ts": "6471159dfbbc357e03882c2266d21ef9afdb1e4aa771b0545e90db58a0ba314b",
    "https://deno.land/std@0.177.0/path/_util.ts": "d7abb1e0dea065f427b89156e28cdeb32b045870acdf865833ba808a73b576d0",
    "https://deno.land/std@0.177.0/path/common.ts": "ee7505ab01fd22de3963b64e46cff31f40de34f9f8de1fff6a1bd2fe79380000",
    "https://deno.land/std@0.177.0/path/glob.ts": "d479e0a695621c94d3fd7fe7abd4f9499caf32a8de13f25073451c6ef420a4e1",
    "https://deno.land/std@0.177.0/path/mod.ts": "4b83694ac500d7d31b0cdafc927080a53dc0c3027eb2895790fb155082b0d232",
    "https://deno.land/std@0.177.0/path/posix.ts": "8b7c67ac338714b30c816079303d0285dd24af6b284f7ad63da5b27372a2c94d",
    "https://deno.land/std@0.177.0/path/separator.ts": "0fb679739d0d1d7bf45b68dacfb4ec7563597a902edbaf3c59b50d5bcadd93b1",
    "https://deno.land/std@0.177.0/path/win32.ts": "d186344e5583bcbf8b18af416d13d82b35a317116e6460a5a3953508c3de5bba",
    "https://deno.land/std@0.177.0/types.d.ts": "220ed56662a0bd393ba5d124aa6ae2ad36a00d2fcbc0e8666a65f4606aaa9784",
    "https://deno.land/std@0.97.0/fmt/colors.ts": "db22b314a2ae9430ae7460ce005e0a7130e23ae1c999157e3bb77cf55800f7e4",
    "https://deno.land/x/cliffy@v0.25.7/_utils/distance.ts": "02af166952c7c358ac83beae397aa2fbca4ad630aecfcd38d92edb1ea429f004",
    "https://deno.land/x/cliffy@v0.25.7/ansi/ansi_escapes.ts": "885f61f343223f27b8ec69cc138a54bea30542924eacd0f290cd84edcf691387",
    "https://deno.land/x/cliffy@v0.25.7/ansi/chain.ts": "31fb9fcbf72fed9f3eb9b9487270d2042ccd46a612d07dd5271b1a80ae2140a0",
    "https://deno.land/x/cliffy@v0.25.7/ansi/cursor_position.ts": "d537491e31d9c254b208277448eff92ff7f55978c4928dea363df92c0df0813f",
    "https://deno.land/x/cliffy@v0.25.7/ansi/deps.ts": "0f35cb7e91868ce81561f6a77426ea8bc55dc15e13f84c7352f211023af79053",
    "https://deno.land/x/cliffy@v0.25.7/ansi/tty.ts": "8fb064c17ead6cdf00c2d3bc87a9fd17b1167f2daa575c42b516f38bdb604673",
    "https://deno.land/x/cliffy@v0.25.7/command/_errors.ts": "a9bd23dc816b32ec96c9b8f3057218241778d8c40333b43341138191450965e5",
    "https://deno.land/x/cliffy@v0.25.7/command/_utils.ts": "9ab3d69fabab6c335b881b8a5229cbd5db0c68f630a1c307aff988b6396d9baf",
    "https://deno.land/x/cliffy@v0.25.7/command/command.ts": "a2b83c612acd65c69116f70dec872f6da383699b83874b70fcf38cddf790443f",
    "https://deno.land/x/cliffy@v0.25.7/command/completions/_bash_completions_generator.ts": "43b4abb543d4dc60233620d51e69d82d3b7c44e274e723681e0dce2a124f69f9",
    "https://deno.land/x/cliffy@v0.25.7/command/completions/_fish_completions_generator.ts": "d0289985f5cf0bd288c05273bfa286b24c27feb40822eb7fd9d7fee64e6580e8",
    "https://deno.land/x/cliffy@v0.25.7/command/completions/_zsh_completions_generator.ts": "14461eb274954fea4953ee75938821f721da7da607dc49bcc7db1e3f33a207bd",
    "https://deno.land/x/cliffy@v0.25.7/command/completions/bash.ts": "053aa2006ec327ccecacb00ba28e5eb836300e5c1bec1b3cfaee9ddcf8189756",
    "https://deno.land/x/cliffy@v0.25.7/command/completions/complete.ts": "58df61caa5e6220ff2768636a69337923ad9d4b8c1932aeb27165081c4d07d8b",
    "https://deno.land/x/cliffy@v0.25.7/command/completions/fish.ts": "9938beaa6458c6cf9e2eeda46a09e8cd362d4f8c6c9efe87d3cd8ca7477402a5",
    "https://deno.land/x/cliffy@v0.25.7/command/completions/mod.ts": "aeef7ec8e319bb157c39a4bab8030c9fe8fa327b4c1e94c9c1025077b45b40c0",
    "https://deno.land/x/cliffy@v0.25.7/command/completions/zsh.ts": "8b04ab244a0b582f7927d405e17b38602428eeb347a9968a657e7ea9f40e721a",
    "https://deno.land/x/cliffy@v0.25.7/command/deprecated.ts": "bbe6670f1d645b773d04b725b8b8e7814c862c9f1afba460c4d599ffe9d4983c",
    "https://deno.land/x/cliffy@v0.25.7/command/deps.ts": "275b964ce173770bae65f6b8ebe9d2fd557dc10292cdd1ed3db1735f0d77fa1d",
    "https://deno.land/x/cliffy@v0.25.7/command/help/_help_generator.ts": "f7c349cb2ddb737e70dc1f89bcb1943ca9017a53506be0d4138e0aadb9970a49",
    "https://deno.land/x/cliffy@v0.25.7/command/help/mod.ts": "09d74d3eb42d21285407cda688074c29595d9c927b69aedf9d05ff3f215820d3",
    "https://deno.land/x/cliffy@v0.25.7/command/mod.ts": "d0a32df6b14028e43bb2d41fa87d24bc00f9662a44e5a177b3db02f93e473209",
    "https://deno.land/x/cliffy@v0.25.7/command/type.ts": "24e88e3085e1574662b856ccce70d589959648817135d4469fab67b9cce1b364",
    "https://deno.land/x/cliffy@v0.25.7/command/types.ts": "ae02eec0ed7a769f7dba2dd5d3a931a61724b3021271b1b565cf189d9adfd4a0",
    "https://deno.land/x/cliffy@v0.25.7/command/types/action_list.ts": "33c98d449617c7a563a535c9ceb3741bde9f6363353fd492f90a74570c611c27",
    "https://deno.land/x/cliffy@v0.25.7/command/types/boolean.ts": "3879ec16092b4b5b1a0acb8675f8c9250c0b8a972e1e4c7adfba8335bd2263ed",
    "https://deno.land/x/cliffy@v0.25.7/command/types/child_command.ts": "f1fca390c7fbfa7a713ca15ef55c2c7656bcbb394d50e8ef54085bdf6dc22559",
    "https://deno.land/x/cliffy@v0.25.7/command/types/command.ts": "325d0382e383b725fd8d0ef34ebaeae082c5b76a1f6f2e843fee5dbb1a4fe3ac",
    "https://deno.land/x/cliffy@v0.25.7/command/types/enum.ts": "2178345972adf7129a47e5f02856ca3e6852a91442a1c78307dffb8a6a3c6c9f",
    "https://deno.land/x/cliffy@v0.25.7/command/types/file.ts": "8618f16ac9015c8589cbd946b3de1988cc4899b90ea251f3325c93c46745140e",
    "https://deno.land/x/cliffy@v0.25.7/command/types/integer.ts": "29864725fd48738579d18123d7ee78fed37515e6dc62146c7544c98a82f1778d",
    "https://deno.land/x/cliffy@v0.25.7/command/types/number.ts": "aeba96e6f470309317a16b308c82e0e4138a830ec79c9877e4622c682012bc1f",
    "https://deno.land/x/cliffy@v0.25.7/command/types/string.ts": "e4dadb08a11795474871c7967beab954593813bb53d9f69ea5f9b734e43dc0e0",
    "https://deno.land/x/cliffy@v0.25.7/command/upgrade/mod.ts": "17e2df3b620905583256684415e6c4a31e8de5c59066eb6d6c9c133919292dc4",
    "https://deno.land/x/cliffy@v0.25.7/command/upgrade/provider.ts": "d6fb846043232cbd23c57d257100c7fc92274984d75a5fead0f3e4266dc76ab8",
    "https://deno.land/x/cliffy@v0.25.7/command/upgrade/provider/deno_land.ts": "24f8d82e38c51e09be989f30f8ad21f9dd41ac1bb1973b443a13883e8ba06d6d",
    "https://deno.land/x/cliffy@v0.25.7/command/upgrade/provider/github.ts": "99e1b133dd446c6aa79f69e69c46eb8bc1c968dd331c2a7d4064514a317c7b59",
    "https://deno.land/x/cliffy@v0.25.7/command/upgrade/provider/nest_land.ts": "0e07936cea04fa41ac9297f32d87f39152ea873970c54cb5b4934b12fee1885e",
    "https://deno.land/x/cliffy@v0.25.7/command/upgrade/upgrade_command.ts": "3640a287d914190241ea1e636774b1b4b0e1828fa75119971dd5304784061e05",
    "https://deno.land/x/cliffy@v0.25.7/flags/_errors.ts": "f1fbb6bfa009e7950508c9d491cfb4a5551027d9f453389606adb3f2327d048f",
    "https://deno.land/x/cliffy@v0.25.7/flags/_utils.ts": "340d3ecab43cde9489187e1f176504d2c58485df6652d1cdd907c0e9c3ce4cc2",
    "https://deno.land/x/cliffy@v0.25.7/flags/_validate_flags.ts": "16eb5837986c6f6f7620817820161a78d66ce92d690e3697068726bbef067452",
    "https://deno.land/x/cliffy@v0.25.7/flags/deprecated.ts": "a72a35de3cc7314e5ebea605ca23d08385b218ef171c32a3f135fb4318b08126",
    "https://deno.land/x/cliffy@v0.25.7/flags/flags.ts": "68a9dfcacc4983a84c07ba19b66e5e9fccd04389fad215210c60fb414cc62576",
    "https://deno.land/x/cliffy@v0.25.7/flags/types.ts": "7452ea5296758fb7af89930349ce40d8eb9a43b24b3f5759283e1cb5113075fd",
    "https://deno.land/x/cliffy@v0.25.7/flags/types/boolean.ts": "4c026dd66ec9c5436860dc6d0241427bdb8d8e07337ad71b33c08193428a2236",
    "https://deno.land/x/cliffy@v0.25.7/flags/types/integer.ts": "b60d4d590f309ddddf066782d43e4dc3799f0e7d08e5ede7dc62a5ee94b9a6d9",
    "https://deno.land/x/cliffy@v0.25.7/flags/types/number.ts": "610936e2d29de7c8c304b65489a75ebae17b005c6122c24e791fbed12444d51e",
    "https://deno.land/x/cliffy@v0.25.7/flags/types/string.ts": "e89b6a5ce322f65a894edecdc48b44956ec246a1d881f03e97bbda90dd8638c5",
    "https://deno.land/x/cliffy@v0.25.7/keycode/key_code.ts": "c4ab0ffd102c2534962b765ded6d8d254631821bf568143d9352c1cdcf7a24be",
    "https://deno.land/x/cliffy@v0.25.7/keycode/key_codes.ts": "917f0a2da0dbace08cf29bcfdaaa2257da9fe7e705fff8867d86ed69dfb08cfe",
    "https://deno.land/x/cliffy@v0.25.7/keycode/mod.ts": "292d2f295316c6e0da6955042a7b31ab2968ff09f2300541d00f05ed6c2aa2d4",
    "https://deno.land/x/cliffy@v0.25.7/prompt/_generic_input.ts": "737cff2de02c8ce35250f5dd79c67b5fc176423191a2abd1f471a90dd725659e",
    "https://deno.land/x/cliffy@v0.25.7/prompt/_generic_list.ts": "79b301bf09eb19f0d070d897f613f78d4e9f93100d7e9a26349ef0bfaa7408d2",
    "https://deno.land/x/cliffy@v0.25.7/prompt/_generic_prompt.ts": "8630ce89a66d83e695922df41721cada52900b515385d86def597dea35971bb2",
    "https://deno.land/x/cliffy@v0.25.7/prompt/_generic_suggestions.ts": "2a8b619f91e8f9a270811eff557f10f1343a444a527b5fc22c94de832939920c",
    "https://deno.land/x/cliffy@v0.25.7/prompt/_utils.ts": "676cca30762656ed1a9bcb21a7254244278a23ffc591750e98a501644b6d2df3",
    "https://deno.land/x/cliffy@v0.25.7/prompt/checkbox.ts": "e5a5a9adbb86835dffa2afbd23c6f7a8fe25a9d166485388ef25aba5dc3fbf9e",
    "https://deno.land/x/cliffy@v0.25.7/prompt/confirm.ts": "94c8e55de3bbcd53732804420935c432eab29945497d1c47c357d236a89cb5f6",
    "https://deno.land/x/cliffy@v0.25.7/prompt/deps.ts": "4c38ab18e55a792c9a136c1c29b2b6e21ea4820c45de7ef4cf517ce94012c57d",
    "https://deno.land/x/cliffy@v0.25.7/prompt/figures.ts": "26af0fbfe21497220e4b887bb550fab997498cde14703b98e78faf370fbb4b94",
    "https://deno.land/x/cliffy@v0.25.7/prompt/input.ts": "ee45532e0a30c2463e436e08ae291d79d1c2c40872e17364c96d2b97c279bf4d",
    "https://deno.land/x/cliffy@v0.25.7/prompt/list.ts": "6780427ff2a932a48c9b882d173c64802081d6cdce9ff618d66ba6504b6abc50",
    "https://deno.land/x/cliffy@v0.25.7/prompt/mod.ts": "195aed14d10d279914eaa28c696dec404d576ca424c097a5bc2b4a7a13b66c89",
    "https://deno.land/x/cliffy@v0.25.7/prompt/number.ts": "015305a76b50138234dde4fd50eb886c6c7c0baa1b314caf811484644acdc2cf",
    "https://deno.land/x/cliffy@v0.25.7/prompt/prompt.ts": "0e7f6a1d43475ee33fb25f7d50749b2f07fc0bcddd9579f3f9af12d05b4a4412",
    "https://deno.land/x/cliffy@v0.25.7/prompt/secret.ts": "58745f5231fb2c44294c4acf2511f8c5bfddfa1e12f259580ff90dedea2703d6",
    "https://deno.land/x/cliffy@v0.25.7/prompt/select.ts": "1e982eae85718e4e15a3ee10a5ae2233e532d7977d55888f3a309e8e3982b784",
    "https://deno.land/x/cliffy@v0.25.7/prompt/toggle.ts": "842c3754a40732f2e80bcd4670098713e402e64bd930e6cab2b787f7ad4d931a",
    "https://deno.land/x/cliffy@v0.25.7/table/border.ts": "2514abae4e4f51eda60a5f8c927ba24efd464a590027e900926b38f68e01253c",
    "https://deno.land/x/cliffy@v0.25.7/table/cell.ts": "1d787d8006ac8302020d18ec39f8d7f1113612c20801b973e3839de9c3f8b7b3",
    "https://deno.land/x/cliffy@v0.25.7/table/deps.ts": "5b05fa56c1a5e2af34f2103fd199e5f87f0507549963019563eae519271819d2",
    "https://deno.land/x/cliffy@v0.25.7/table/layout.ts": "46bf10ae5430cf4fbb92f23d588230e9c6336edbdb154e5c9581290562b169f4",
    "https://deno.land/x/cliffy@v0.25.7/table/row.ts": "5f519ba7488d2ef76cbbf50527f10f7957bfd668ce5b9169abbc44ec88302645",
    "https://deno.land/x/cliffy@v0.25.7/table/table.ts": "ec204c9d08bb3ff1939c5ac7412a4c9ed7d00925d4fc92aff9bfe07bd269258d",
    "https://deno.land/x/cliffy@v0.25.7/table/utils.ts": "187bb7dcbcfb16199a5d906113f584740901dfca1007400cba0df7dcd341bc29",
    "https://deno.land/x/tty@0.1.4/ansi_regex.ts": "1d3b0c7289164f93c9ebafe3bbd05a723568a250cc5c29c0cc922ff55af9a238",
    "https://deno.land/x/tty@0.1.4/combining.ts": "a615e9479d8bc901e3a727e5cae83c0aa1d4ca1e75fa040861d9905d16b30ffc",
    "https://deno.land/x/tty@0.1.4/is_interactive.ts": "37080d92399827215e60a57d97013aefbdbc038e7a5d2346abd298a7010525e6",
    "https://deno.land/x/tty@0.1.4/mod.ts": "65f44c03d7c3daee2b87c6a2a20b0653dec9e3b4ece8183bb0a82233a0e05ff0",
    "https://deno.land/x/tty@0.1.4/strip_ansi.ts": "6671d8d44da192a713aac06fb9a0959a3c0b11a161438fdf540856e2208857d9",
    "https://deno.land/x/tty@0.1.4/tty_async.ts": "cbcdc8132754084153680dd3fbc73acb58e0b9232aff09897a46edcf6f637967",
    "https://deno.land/x/tty@0.1.4/tty_sync.ts": "ad5d986dbd561e5768c49bf48a54580521bdfe95aa41869e8c84d99dbae0ff08",
    "https://deno.land/x/tty@0.1.4/util.ts": "fd50eb009b46f01461f3d38decaf4366c4970bbd818edc39b58a574efe67dbb7",
    "https://deno.land/x/tty@0.1.4/wcwidth.ts": "ab712adbbe4a07c27cc0ab89b99c3a77d28fe911c0fd1c8cebd867efc1fb4416",
    "https://deno.land/x/wait@0.1.12/deps.ts": "5e26f3a59058cd8870ff0168340a1808c13fef289940ecc8c96e46a89a17514d",
    "https://deno.land/x/wait@0.1.12/log_symbols.ts": "cdf2d0aa44754d10fddd55999e933886a4d753f2acfc1219f629427ccc776ac7",
    "https://deno.land/x/wait@0.1.12/mod.ts": "83211441439cd0f794f4e95fbb6c766929dd6886169100d3bdf2ea1ea5e3adfe",
    "https://deno.land/x/wait@0.1.12/spinners.ts": "289346d54f8d6152a5dcd67b67e47784cf9b7a8a8f6f0b6dc041ebc2ef6bb76c",
    "https://esm.sh/@supabase/supabase-js@2.4.1": "1e5f8714bbc23146c5cc767478ac5fdd79e63e07162f8394a7dcad492e072694",
    "https://esm.sh/@supabase/supabase-js@2.5.0": "edc471e339ec099e7ee58a480f8fc267be2adf1bc23730cc82d6fe0537b0d716",
    "https://esm.sh/v103/@supabase/functions-js@2.0.0/deno/functions-js.js": "f0b444b00ad943e683af64bb51f492d69ae80f96e894d6ef2f4c3a453ca1222e",
    "https://esm.sh/v103/@supabase/functions-js@2.0.0/dist/module/FunctionsClient.d.ts": "ef3d2f4fb207809a3b0eec96066238a25489388c6b38e066be70dfd6c41c65df",
    "https://esm.sh/v103/@supabase/functions-js@2.0.0/dist/module/index.d.ts": "77215ae20a49e5cd6c18054f53e479ffcd70dcea12e7bf6a6a0df86ff9a486f7",
    "https://esm.sh/v103/@supabase/functions-js@2.0.0/dist/module/types.d.ts": "264972165defc2488da3121ddbcb4d7f5438042e10d995d250d87f4a3ff5b2a9",
    "https://esm.sh/v103/@supabase/gotrue-js@2.7.2/deno/gotrue-js.js": "cdf61dd9e16770ae17f3340202d628b53dd2578d997bde9716a1707f46addf9d",
    "https://esm.sh/v103/@supabase/gotrue-js@2.7.2/dist/module/GoTrueAdminApi.d.ts": "e26cd0616dfb78c1bd5a585ce693477968fa2d19b223b3f868e37c1b7927d16d",
    "https://esm.sh/v103/@supabase/gotrue-js@2.7.2/dist/module/GoTrueClient.d.ts": "19a629b15d1328f7b673e1e8279abdd69038c1a783e0abce789a0f7a2211e617",
    "https://esm.sh/v103/@supabase/gotrue-js@2.7.2/dist/module/index.d.ts": "8cdbab5746a3ce56786025593191032aeb560f933279507c260d2bb65e83b636",
    "https://esm.sh/v103/@supabase/gotrue-js@2.7.2/dist/module/lib/errors.d.ts": "aba89c1be014c919b2ed0cd2379d71d9271f85fc8ecc850b23514710184e2b0d",
    "https://esm.sh/v103/@supabase/gotrue-js@2.7.2/dist/module/lib/fetch.d.ts": "0124365bdd93bdaefc37112cad6eafefdb01ae36c657770a64df7dbf5f305342",
    "https://esm.sh/v103/@supabase/gotrue-js@2.7.2/dist/module/lib/helpers.d.ts": "422d3b7a775588ce79799e4d774195979591f6e8b406a1f503723e5979c651b1",
    "https://esm.sh/v103/@supabase/gotrue-js@2.7.2/dist/module/lib/types.d.ts": "6e16e2361d88841c480ad35cbca55a4dd5713cb3297c0f5d1aa8b2d6cc97faf4",
    "https://esm.sh/v103/@supabase/postgrest-js@1.3.0/deno/postgrest-js.js": "e7ac6d9a551eebe40f55a39470d3ba4152acb95e9b868ed4bd0240ddbd6b6a58",
    "https://esm.sh/v103/@supabase/postgrest-js@1.3.0/dist/module/PostgrestBuilder.d.ts": "53a0460f748330c1be55f76afa210fe6097a20aac9af7a2b48c52710e15d793c",
    "https://esm.sh/v103/@supabase/postgrest-js@1.3.0/dist/module/PostgrestClient.d.ts": "70bddc51d63d92a5f6817be70f4e0d232c6758b425792adb6a9912844aa18747",
    "https://esm.sh/v103/@supabase/postgrest-js@1.3.0/dist/module/PostgrestFilterBuilder.d.ts": "a5c93476d23858a561734a206dd583c1b0fe319f3e9856f69e79134608439e62",
    "https://esm.sh/v103/@supabase/postgrest-js@1.3.0/dist/module/PostgrestQueryBuilder.d.ts": "46b4ffa53e3afee3328a902e4c724b19636ca0d1ceb64d7eba02e98fa2be273f",
    "https://esm.sh/v103/@supabase/postgrest-js@1.3.0/dist/module/PostgrestTransformBuilder.d.ts": "6e74821d9c6eca911da2b4aae003feadce8874d4234cbc78c649f59ba5face72",
    "https://esm.sh/v103/@supabase/postgrest-js@1.3.0/dist/module/index.d.ts": "539d964aeedfc1c2832f32e3fdc13969b28170efda9e8b457a322957350071df",
    "https://esm.sh/v103/@supabase/postgrest-js@1.3.0/dist/module/select-query-parser.d.ts": "3760f571d8d446a4e8ab758507e4e6e95bb3c768817930aeb898d71ed1187158",
    "https://esm.sh/v103/@supabase/postgrest-js@1.3.0/dist/module/types.d.ts": "8d9f16269624f9d48594061cc2bc43c52823b1be77360c585e7c8e5c498b32a3",
    "https://esm.sh/v103/@supabase/realtime-js@2.3.1/deno/realtime-js.js": "f730a8000b69f3cb6f0f0f4efc90f82c9af7dca225fec7cd6b643baea2117fae",
    "https://esm.sh/v103/@supabase/realtime-js@2.3.1/dist/module/RealtimeChannel.d.ts": "d61eabfcda5f264001ece1ba28b329b85c4518e43de69e05629f667d1a077eeb",
    "https://esm.sh/v103/@supabase/realtime-js@2.3.1/dist/module/RealtimeClient.d.ts": "f3df0873f1151c1b9a729306e7542f79b50fdcc558798731795562e53ea6d608",
    "https://esm.sh/v103/@supabase/realtime-js@2.3.1/dist/module/RealtimePresence.d.ts": "bfe305f48a20447d5253bbd89e4d8b8c35883784462629515bacc72d075acb49",
    "https://esm.sh/v103/@supabase/realtime-js@2.3.1/dist/module/index.d.ts": "eeff0dbcd61707a889eb2370cf3617ef42ddc2f71d7d4d18e1e43542893c066d",
    "https://esm.sh/v103/@supabase/realtime-js@2.3.1/dist/module/lib/constants.d.ts": "b8392f2eb7cf41c3479c142875adbbe4b48bfafdced532165abc1cc68aa20cb5",
    "https://esm.sh/v103/@supabase/realtime-js@2.3.1/dist/module/lib/push.d.ts": "65459f6c4c166a7264b5a7a761414c9bf4e0d2dbf0803e1e53e2ecefdbaa1e1d",
    "https://esm.sh/v103/@supabase/realtime-js@2.3.1/dist/module/lib/serializer.d.ts": "4990f875f6e9a1898655fdba7b822222f8b930bfb7c9253b4f047aa4b05d4ca1",
    "https://esm.sh/v103/@supabase/realtime-js@2.3.1/dist/module/lib/timer.d.ts": "ddf170afd193dc372316ed1f4a087f0e9732a5b8bd9cb9e5c3ac74f1cc676e31",
    "https://esm.sh/v103/@supabase/storage-js@2.3.0/deno/storage-js.js": "d9b76fbcb351a8d93f138d912ccfe8c686e0733943451edf67850bb4ddfade9c",
    "https://esm.sh/v103/@supabase/storage-js@2.3.0/dist/module/StorageClient.d.ts": "716bdde7f3ea8f49606ac540ceb4b410facb9526668711ffb5676f7935f3408d",
    "https://esm.sh/v103/@supabase/storage-js@2.3.0/dist/module/index.d.ts": "07800a0eea5587ec26d8932a4f5f10871b9e017292ab05b74b27154fb5f98860",
    "https://esm.sh/v103/@supabase/storage-js@2.3.0/dist/module/lib/errors.d.ts": "753c82a97a0e1b05fec3989af93e4fbf2f4a3da3957584613768593ef5cc8bfc",
    "https://esm.sh/v103/@supabase/storage-js@2.3.0/dist/module/lib/fetch.d.ts": "18b68d37f6564cc754ade6371fc7e655a775e91b10abf0f45d0c037b93436761",
    "https://esm.sh/v103/@supabase/storage-js@2.3.0/dist/module/lib/types.d.ts": "4cc02672a0b2d54325185cb1afb1a403f5cec265267ba6f37fd82b3201811142",
    "https://esm.sh/v103/@supabase/storage-js@2.3.0/dist/module/packages/StorageBucketApi.d.ts": "fcdbe1b00e3430099530a00a3cfb446e5065a715e0eaae55ae3fcc681de38e29",
    "https://esm.sh/v103/@supabase/storage-js@2.3.0/dist/module/packages/StorageFileApi.d.ts": "d7d903b50569cf383b23c8d768bdf7f6aa4212487ce6d0e99cda9cec280fdf16",
    "https://esm.sh/v103/@supabase/supabase-js@2.4.1/deno/supabase-js.js": "6940f50a7e79cc8b6fa1ada85095244f8f24239134e21fc1468801d456ab4dab",
    "https://esm.sh/v103/@supabase/supabase-js@2.4.1/dist/module/SupabaseClient.d.ts": "3200618015e1ea4bfac405fa588bd12aa7a97f55d37a3da1b0a64896f25e8579",
    "https://esm.sh/v103/@supabase/supabase-js@2.4.1/dist/module/index.d.ts": "655ed09e09b3c8eed1f71fed4505be1eb2a4d328faef580d71f1e952c30f3569",
    "https://esm.sh/v103/@supabase/supabase-js@2.4.1/dist/module/lib/SupabaseAuthClient.d.ts": "0ef4073fc2addddf3775f3f805f83b788b8714ac7645596b7c838393b3890cd9",
    "https://esm.sh/v103/@supabase/supabase-js@2.4.1/dist/module/lib/types.d.ts": "6a4e03687e0b322c1dbb7e9e5a1b5db4269d6ee6c6a8e6441654a643b9c94699",
    "https://esm.sh/v103/@types/phoenix@1.5.4/index.d.ts": "5bedfe185f19a13c7df212e1eec2584b710b9db5fd5e73b767df2e6116313565",
    "https://esm.sh/v103/cross-fetch@3.1.5/deno/cross-fetch.js": "6623ff9b8dc94523869d9a2615cf6d2f02a918b3ae1c6ece9306cac9c641b054",
    "https://esm.sh/v103/es5-ext@0.10.62/deno/global.js": "17f5318602f1810be13fba7eb0d5fc2d8ac3dd5117f1ff13f8377eab2e2a4784",
    "https://esm.sh/v103/node.ns.d.ts": "0fb081f0cd2150931bd54baa04f31466abd9ca701fd9060d07931402cf8367ba",
    "https://esm.sh/v103/websocket@1.0.34/deno/websocket.js": "352bc783736eb21f04535b833414d275a0754cf07be7b5cd76d9678662b91a07",
    "https://esm.sh/v103/zod@3.20.2/deno/zod.js": "4e1c7e6ae3b866c33bfebc0c6886cb22ce577dd9ebf53cebdbd8fa8a7ab4d739",
    "https://esm.sh/v103/zod@3.20.2/index.d.ts": "b51c954b9557b1dcb03b2bf34cd136e710cb9aa276e686cac0e291249590a52a",
    "https://esm.sh/v103/zod@3.20.2/lib/ZodError.d.ts": "c53bb6e3d82b7813bed0096be4185d253c8f7d32db9c8960bc7f06980f86261e",
    "https://esm.sh/v103/zod@3.20.2/lib/errors.d.ts": "5ec2790f877581637c058eb5bbb72e855a078620d0781d2a6a8f308fe1d5436f",
    "https://esm.sh/v103/zod@3.20.2/lib/external.d.ts": "91cec2fe1e1fb2574812a29a57ad2c39a1e69b0fa1179547382c92649fc5c66e",
    "https://esm.sh/v103/zod@3.20.2/lib/helpers/enumUtil.d.ts": "f672c876c1a04a223cf2023b3d91e8a52bb1544c576b81bf64a8fec82be9969c",
    "https://esm.sh/v103/zod@3.20.2/lib/helpers/errorUtil.d.ts": "98a9cc18f661d28e6bd31c436e1984f3980f35e0f0aa9cf795c54f8ccb667ffe",
    "https://esm.sh/v103/zod@3.20.2/lib/helpers/parseUtil.d.ts": "d3dbfc2f2fbf2c1bdea72db72f9f5c95d2ca5b4d32c9e229764ebaba0920203c",
    "https://esm.sh/v103/zod@3.20.2/lib/helpers/partialUtil.d.ts": "7da6f1e431746c5364ebe6703f5d3a844ab0495e2a8cedc0a29cced52d6284a1",
    "https://esm.sh/v103/zod@3.20.2/lib/helpers/typeAliases.d.ts": "5487b97cfa28b26b4a9ef0770f872bdbebd4c46124858de00f242c3eed7519f4",
    "https://esm.sh/v103/zod@3.20.2/lib/helpers/util.d.ts": "bb98c05ae5cb9bd7cb7ad76fe517251a661787a6f24337b842f47faf393f79c7",
    "https://esm.sh/v103/zod@3.20.2/lib/index.d.ts": "0f86f053aecd06054359e146b6cd800fee9bf82905f8afb47f1fe774fd37311e",
    "https://esm.sh/v103/zod@3.20.2/lib/locales/en.d.ts": "f8ec1611afb8d132c6c71822718805866890cf2071025153af97508eff24e4b6",
    "https://esm.sh/v103/zod@3.20.2/lib/types.d.ts": "744e3c65de31c5f7f8e79f9a37e1e372c9043a5ca130ec1038180ba4c9941f1f",
    "https://esm.sh/v108/@supabase/functions-js@2.0.0/deno/functions-js.js": "b39180e62324c5ef7d21b6cca2cc394dc33ff577b9db017185310bf5c8af39a9",
    "https://esm.sh/v108/@supabase/functions-js@2.0.0/dist/module/FunctionsClient.d.ts": "ef3d2f4fb207809a3b0eec96066238a25489388c6b38e066be70dfd6c41c65df",
    "https://esm.sh/v108/@supabase/functions-js@2.0.0/dist/module/index.d.ts": "77215ae20a49e5cd6c18054f53e479ffcd70dcea12e7bf6a6a0df86ff9a486f7",
    "https://esm.sh/v108/@supabase/functions-js@2.0.0/dist/module/types.d.ts": "264972165defc2488da3121ddbcb4d7f5438042e10d995d250d87f4a3ff5b2a9",
    "https://esm.sh/v108/@supabase/gotrue-js@2.12.1/deno/gotrue-js.js": "9e24e3960f13114850fb1722223d5cce6eed6e4850a2bc1d7f34719e892b2d70",
    "https://esm.sh/v108/@supabase/gotrue-js@2.12.1/dist/module/GoTrueAdminApi.d.ts": "e26cd0616dfb78c1bd5a585ce693477968fa2d19b223b3f868e37c1b7927d16d",
    "https://esm.sh/v108/@supabase/gotrue-js@2.12.1/dist/module/GoTrueClient.d.ts": "f14a0f908246a495ad45bb6d42d7f7bf4b3d270f07db7bba29f019266b26daf8",
    "https://esm.sh/v108/@supabase/gotrue-js@2.12.1/dist/module/index.d.ts": "8cdbab5746a3ce56786025593191032aeb560f933279507c260d2bb65e83b636",
    "https://esm.sh/v108/@supabase/gotrue-js@2.12.1/dist/module/lib/errors.d.ts": "aba89c1be014c919b2ed0cd2379d71d9271f85fc8ecc850b23514710184e2b0d",
    "https://esm.sh/v108/@supabase/gotrue-js@2.12.1/dist/module/lib/fetch.d.ts": "0124365bdd93bdaefc37112cad6eafefdb01ae36c657770a64df7dbf5f305342",
    "https://esm.sh/v108/@supabase/gotrue-js@2.12.1/dist/module/lib/helpers.d.ts": "f0c24e68ebcf699a270047fb9ad94f769af0783f090519a045c651df14fd4f88",
    "https://esm.sh/v108/@supabase/gotrue-js@2.12.1/dist/module/lib/types.d.ts": "0566ec092adb022426eb3abc4260b430e558986405c09ed9f3bfebfd67947661",
    "https://esm.sh/v108/@supabase/postgrest-js@1.4.1/deno/postgrest-js.js": "428f2145e7134159a86c1fbe0d4d42313509e881cd4ebeef60b564e28ac25428",
    "https://esm.sh/v108/@supabase/postgrest-js@1.4.1/dist/module/PostgrestBuilder.d.ts": "8aba1b4384974573cdd01f0fc7d688ef517d76f3f298151692b0b37249f0d1a3",
    "https://esm.sh/v108/@supabase/postgrest-js@1.4.1/dist/module/PostgrestClient.d.ts": "70bddc51d63d92a5f6817be70f4e0d232c6758b425792adb6a9912844aa18747",
    "https://esm.sh/v108/@supabase/postgrest-js@1.4.1/dist/module/PostgrestFilterBuilder.d.ts": "a5c93476d23858a561734a206dd583c1b0fe319f3e9856f69e79134608439e62",
    "https://esm.sh/v108/@supabase/postgrest-js@1.4.1/dist/module/PostgrestQueryBuilder.d.ts": "39afb003a4687be50e4089b839c4f317bf0b6a2c234929a1a51bce99276831e3",
    "https://esm.sh/v108/@supabase/postgrest-js@1.4.1/dist/module/PostgrestTransformBuilder.d.ts": "eda6937c25925489d93fb1f28b58346358d95aec887fefd5bebe4a74cf8e3948",
    "https://esm.sh/v108/@supabase/postgrest-js@1.4.1/dist/module/index.d.ts": "fffbd398e6b4db2b1320e819d395493f3169219cfec082e09787ae2bb02baaa3",
    "https://esm.sh/v108/@supabase/postgrest-js@1.4.1/dist/module/select-query-parser.d.ts": "60afa60217641702095795445e04149a360d7e22f662581253c7a7c86a5fb335",
    "https://esm.sh/v108/@supabase/postgrest-js@1.4.1/dist/module/types.d.ts": "b62bb9fdf20676f829bcf01b2348c9766b5d14a0451a964496e96ac49fcc2758",
    "https://esm.sh/v108/@supabase/realtime-js@2.6.0/deno/realtime-js.js": "26f4563ae18f883f2f790ded0069b65da3053bd2c05734c824807545102b971e",
    "https://esm.sh/v108/@supabase/realtime-js@2.6.0/dist/module/RealtimeChannel.d.ts": "ba0120c8ec3f95e237862f3cd47a6a27e26f3b5663b9c5a71531baee105050b3",
    "https://esm.sh/v108/@supabase/realtime-js@2.6.0/dist/module/RealtimeClient.d.ts": "f3df0873f1151c1b9a729306e7542f79b50fdcc558798731795562e53ea6d608",
    "https://esm.sh/v108/@supabase/realtime-js@2.6.0/dist/module/RealtimePresence.d.ts": "5c1dcd139f5a9a11b2d0d6e6737728adfa3a1fcb3d1c882e53c2dd86612a1520",
    "https://esm.sh/v108/@supabase/realtime-js@2.6.0/dist/module/index.d.ts": "eeff0dbcd61707a889eb2370cf3617ef42ddc2f71d7d4d18e1e43542893c066d",
    "https://esm.sh/v108/@supabase/realtime-js@2.6.0/dist/module/lib/constants.d.ts": "b8392f2eb7cf41c3479c142875adbbe4b48bfafdced532165abc1cc68aa20cb5",
    "https://esm.sh/v108/@supabase/realtime-js@2.6.0/dist/module/lib/push.d.ts": "65459f6c4c166a7264b5a7a761414c9bf4e0d2dbf0803e1e53e2ecefdbaa1e1d",
    "https://esm.sh/v108/@supabase/realtime-js@2.6.0/dist/module/lib/serializer.d.ts": "4990f875f6e9a1898655fdba7b822222f8b930bfb7c9253b4f047aa4b05d4ca1",
    "https://esm.sh/v108/@supabase/realtime-js@2.6.0/dist/module/lib/timer.d.ts": "ddf170afd193dc372316ed1f4a087f0e9732a5b8bd9cb9e5c3ac74f1cc676e31",
    "https://esm.sh/v108/@supabase/storage-js@2.3.0/deno/storage-js.js": "768b654ce822d08a281c2ecb1e280b04fb8d83ef92c25c30b82213c947a6daa1",
    "https://esm.sh/v108/@supabase/storage-js@2.3.0/dist/module/StorageClient.d.ts": "716bdde7f3ea8f49606ac540ceb4b410facb9526668711ffb5676f7935f3408d",
    "https://esm.sh/v108/@supabase/storage-js@2.3.0/dist/module/index.d.ts": "07800a0eea5587ec26d8932a4f5f10871b9e017292ab05b74b27154fb5f98860",
    "https://esm.sh/v108/@supabase/storage-js@2.3.0/dist/module/lib/errors.d.ts": "753c82a97a0e1b05fec3989af93e4fbf2f4a3da3957584613768593ef5cc8bfc",
    "https://esm.sh/v108/@supabase/storage-js@2.3.0/dist/module/lib/fetch.d.ts": "18b68d37f6564cc754ade6371fc7e655a775e91b10abf0f45d0c037b93436761",
    "https://esm.sh/v108/@supabase/storage-js@2.3.0/dist/module/lib/types.d.ts": "4cc02672a0b2d54325185cb1afb1a403f5cec265267ba6f37fd82b3201811142",
    "https://esm.sh/v108/@supabase/storage-js@2.3.0/dist/module/packages/StorageBucketApi.d.ts": "fcdbe1b00e3430099530a00a3cfb446e5065a715e0eaae55ae3fcc681de38e29",
    "https://esm.sh/v108/@supabase/storage-js@2.3.0/dist/module/packages/StorageFileApi.d.ts": "2b82db5715d99b5f3bbb6867b7995ac255f65933f5b9f14a7bdca4a63c4037fb",
    "https://esm.sh/v108/@supabase/supabase-js@2.5.0/deno/supabase-js.js": "a7ea530266b9de20d77571bb4f23cf3c60bd2e01f8875fa386cb3325e5330484",
    "https://esm.sh/v108/@supabase/supabase-js@2.5.0/dist/module/SupabaseClient.d.ts": "e46ff51811a74765a180e0553e1b2cc8b63b3fafa14542a9a08d5c5b2cc0e270",
    "https://esm.sh/v108/@supabase/supabase-js@2.5.0/dist/module/index.d.ts": "fb65d9b6f7407600685ab3b3ac31373f5b09f140f314efbe640feb9c4740ee62",
    "https://esm.sh/v108/@supabase/supabase-js@2.5.0/dist/module/lib/SupabaseAuthClient.d.ts": "1977cb79b8beaf4e3fdbc72cfd04fb7246ad39edd1505a3e3395c030b57fa34f",
    "https://esm.sh/v108/@supabase/supabase-js@2.5.0/dist/module/lib/types.d.ts": "f963db12317eac0d81ce615165fd72f2b83cba391cae5282a84b80aa2413bb2e",
    "https://esm.sh/v108/@types/phoenix@1.5.5/index.d.ts": "300750545fd185531167690e3e8c9d3a801ccf74b8ec06320fc894f900471735",
    "https://esm.sh/v108/cross-fetch@3.1.5/deno/cross-fetch.js": "98b8614cfe483226971d7d27cfb096fa10695d21614e128e14c6f329860da6e5",
    "https://esm.sh/v108/es5-ext@0.10.62/deno/global.js": "5fe45a955818afd1e0e8ad67eeb50f62a4b543588aefd727a1f9b732121a33fa",
    "https://esm.sh/v108/node.ns.d.ts": "0fb081f0cd2150931bd54baa04f31466abd9ca701fd9060d07931402cf8367ba",
    "https://esm.sh/v108/websocket@1.0.34/deno/websocket.js": "3d867159b9e896cd98f092ce218166b4a7ac22adb0a569904ffe5f73716b823b",
    "https://esm.sh/zod@3.20.2": "23fc535ce0d7972236f916313671dcb3d73a4f8b3211e81c0c3e4b000f181565",
    "https://raw.githubusercontent.com/RoboVault/robo-arkiver/main/lib/arkiver/store.ts": "3125ad2b35fd33b23538a7174992f96c612b24a5651630013e93fcde53c01254",
    "https://raw.githubusercontent.com/RoboVault/robo-arkiver/main/lib/deps.ts": "f436f822ee54d606fa583d7f1829a3c43a15f5838dc29285a02a313f665e7109",
    "https://raw.githubusercontent.com/RoboVault/robo-arkiver/main/lib/types.ts": "ffbc4583d92cfb146455181b5958322ef9ebce61aed94b6fb88df95afd3a33f5",
    "https://raw.githubusercontent.com/RoboVault/robo-arkiver/main/mod.ts": "2e6caa4a528b156c6f65249a2f8c63864ebb71ce02861d9be3fedd8735dcc79a"
  },
  "npm": {
    "specifiers": {
      "ethers@6.0.3": "ethers@6.0.3"
    },
    "packages": {
      "@adraffy/ens-normalize@1.8.9": {
        "integrity": "sha512-93OmGCV0vO8+JQ3FHG+gZk/MPHzzMPDRiCiFcCQNTCnHaaxsacO3ScTPGlu2wX2dOtgfalbchPcw1cOYYjHCYQ==",
        "dependencies": {}
      },
      "@noble/hashes@1.1.2": {
        "integrity": "sha512-KYRCASVTv6aeUi1tsF8/vpyR7zpfs3FUzy2Jqm+MU+LmUKhQ0y2FpfwqkCcxSg2ua4GALJd8k2R76WxwZGbQpA==",
        "dependencies": {}
      },
      "@noble/secp256k1@1.7.1": {
        "integrity": "sha512-hOUk6AyBFmqVrv7k5WAw/LpszxVbj9gGN4JRkIX52fdFAj1UA61KXmZDvqVEm+pOyec3+fIeZB02LYa/pWOArw==",
        "dependencies": {}
      },
      "aes-js@4.0.0-beta.3": {
        "integrity": "sha512-/xJX0/VTPcbc5xQE2VUP91y1xN8q/rDfhEzLm+vLc3hYvb5+qHCnpJRuFcrKn63zumK/sCwYYzhG8HP78JYSTA==",
        "dependencies": {}
      },
      "ethers@6.0.3": {
        "integrity": "sha512-ECUt+AlY80eLA/XvOgy4/K5Pq5BsMzlKKcSuUXOgp4k6d3tcDphEiz+Fs3zut/zYQVgqLgm3f8YtCJEEtzl8kA==",
        "dependencies": {
          "@adraffy/ens-normalize": "@adraffy/ens-normalize@1.8.9",
          "@noble/hashes": "@noble/hashes@1.1.2",
          "@noble/secp256k1": "@noble/secp256k1@1.7.1",
          "aes-js": "aes-js@4.0.0-beta.3",
          "tslib": "tslib@2.4.0",
          "ws": "ws@8.5.0"
        }
      },
      "tslib@2.4.0": {
        "integrity": "sha512-d6xOpEDfsi2CZVlPQzGeux8XMwLT9hssAsaPYExaQMuYskwb+x1x7J371tWlbBdWHroy99KnVB6qIkUbs5X3UQ==",
        "dependencies": {}
      },
      "ws@8.5.0": {
        "integrity": "sha512-BWX0SWVgLPzYwF8lTzEy1egjhS4S4OEAHfsO8o65WOVsrnSRGaSiUaa9e0ggGlkMTtBlmOpEXiie9RUcBO86qg==",
        "dependencies": {}
      }
    }
  }
}
