{
  "version": "2",
  "remote": {
    "https://cdn.skypack.dev/-/@influxdata/influxdb-client-browser@v1.33.2-EZL9Mz630msbXfW6w37Y/dist=es2019,mode=imports/optimized/@influxdata/influxdb-client-browser.js": "3875805feffa71b03670a10f0f4815e0e4420e61ce9cc47ed1483ecb86873934",
    "https://cdn.skypack.dev/-/@influxdata/influxdb-client-browser@v1.33.2-EZL9Mz630msbXfW6w37Y/dist=es2019,mode=types/dist/index.d.ts": "332f064bd084584121036cbcc2b77d00745ff31707a40521fd611ebf64e8a28d",
    "https://cdn.skypack.dev/@influxdata/influxdb-client-browser?dts": "305d971cf5c226efa1d9a82ec760c08002bf2c8f3b8d316371395e5db87559b0",
    "https://deno.land/std@0.173.0/collections/filter_values.ts": "5b9feaf17b9a6e5ffccdd36cf6f38fa4ffa94cff2602d381c2ad0c2a97929652",
    "https://deno.land/std@0.173.0/collections/without_all.ts": "a89f5da0b5830defed4f59666e188df411d8fece35a5f6ca69be6ca71a95c185",
    "https://deno.land/std@0.173.0/dotenv/load.ts": "0636983549b98f29ab75c9a22a42d9723f0a389ece5498fe971e7bb2556a12e2",
    "https://deno.land/std@0.173.0/dotenv/mod.ts": "6e1dbc4737e3f62a5c1f3d2a26a0e5626fb168a198375bef574fedbe86a79f20",
    "https://deno.land/std@0.177.0/_util/asserts.ts": "178dfc49a464aee693a7e285567b3d0b555dc805ff490505a8aae34f9cfb1462",
    "https://deno.land/std@0.177.0/bytes/copy.ts": "939d89e302a9761dcf1d9c937c7711174ed74c59eef40a1e4569a05c9de88219",
    "https://deno.land/std@0.177.0/fmt/colors.ts": "938c5d44d889fb82eff6c358bea8baa7e85950a16c9f6dae3ec3a7a729164471",
    "https://deno.land/std@0.177.0/fs/exists.ts": "b8c8a457b71e9d7f29b9d2f87aad8dba2739cbe637e8926d6ba6e92567875f8e",
    "https://deno.land/std@0.177.0/io/buf_writer.ts": "759c69d304b04d2909976f2a03a24a107276fbd81ed13593c5c2d43d104b52f3",
    "https://deno.land/std@0.177.0/log/handlers.ts": "38871ecbfa67b0d39dc3384210439ac9a13cba6118b912236f9011b5989b9a4d",
    "https://deno.land/std@0.177.0/log/levels.ts": "6309147664e9e008cd6671610f2505c4c95f181f6bae4816a84b33e0aec66859",
    "https://deno.land/std@0.177.0/log/logger.ts": "257ceb47e3f5f872068073de9809b015a7400e8d86dd40563c1d80169e578f71",
    "https://deno.land/std@0.177.0/log/mod.ts": "36d156ad18de3f1806c6ddafa4965129be99ccafc27f1813de528d65b6c528bf",
    "https://deno.land/std@0.177.0/types.d.ts": "220ed56662a0bd393ba5d124aa6ae2ad36a00d2fcbc0e8666a65f4606aaa9784",
    "https://deno.land/std@0.179.0/_util/asserts.ts": "178dfc49a464aee693a7e285567b3d0b555dc805ff490505a8aae34f9cfb1462",
    "https://deno.land/std@0.179.0/_util/os.ts": "d932f56d41e4f6a6093d56044e29ce637f8dcc43c5a90af43504a889cf1775e3",
    "https://deno.land/std@0.179.0/async/abortable.ts": "73acfb3ed7261ce0d930dbe89e43db8d34e017b063cf0eaa7d215477bf53442e",
    "https://deno.land/std@0.179.0/async/deadline.ts": "c5facb0b404eede83e38bd2717ea8ab34faa2ffb20ef87fd261fcba32ba307aa",
    "https://deno.land/std@0.179.0/async/debounce.ts": "adab11d04ca38d699444ac8a9d9856b4155e8dda2afd07ce78276c01ea5a4332",
    "https://deno.land/std@0.179.0/async/deferred.ts": "42790112f36a75a57db4a96d33974a936deb7b04d25c6084a9fa8a49f135def8",
    "https://deno.land/std@0.179.0/async/delay.ts": "73aa04cec034c84fc748c7be49bb15cac3dd43a57174bfdb7a4aec22c248f0dd",
    "https://deno.land/std@0.179.0/async/mod.ts": "f04344fa21738e5ad6bea37a6bfffd57c617c2d372bb9f9dcfd118a1b622e576",
    "https://deno.land/std@0.179.0/async/mux_async_iterator.ts": "70c7f2ee4e9466161350473ad61cac0b9f115cff4c552eaa7ef9d50c4cbb4cc9",
    "https://deno.land/std@0.179.0/async/pool.ts": "fd082bd4aaf26445909889435a5c74334c017847842ec035739b4ae637ae8260",
    "https://deno.land/std@0.179.0/async/retry.ts": "5efa3ba450ac0c07a40a82e2df296287b5013755d232049efd7ea2244f15b20f",
    "https://deno.land/std@0.179.0/async/tee.ts": "47e42d35f622650b02234d43803d0383a89eb4387e1b83b5a40106d18ae36757",
    "https://deno.land/std@0.179.0/path/_constants.ts": "e49961f6f4f48039c0dfed3c3f93e963ca3d92791c9d478ac5b43183413136e0",
    "https://deno.land/std@0.179.0/path/_interface.ts": "6471159dfbbc357e03882c2266d21ef9afdb1e4aa771b0545e90db58a0ba314b",
    "https://deno.land/std@0.179.0/path/_util.ts": "d7abb1e0dea065f427b89156e28cdeb32b045870acdf865833ba808a73b576d0",
    "https://deno.land/std@0.179.0/path/common.ts": "ee7505ab01fd22de3963b64e46cff31f40de34f9f8de1fff6a1bd2fe79380000",
    "https://deno.land/std@0.179.0/path/glob.ts": "d479e0a695621c94d3fd7fe7abd4f9499caf32a8de13f25073451c6ef420a4e1",
    "https://deno.land/std@0.179.0/path/mod.ts": "4b83694ac500d7d31b0cdafc927080a53dc0c3027eb2895790fb155082b0d232",
    "https://deno.land/std@0.179.0/path/posix.ts": "8b7c67ac338714b30c816079303d0285dd24af6b284f7ad63da5b27372a2c94d",
    "https://deno.land/std@0.179.0/path/separator.ts": "0fb679739d0d1d7bf45b68dacfb4ec7563597a902edbaf3c59b50d5bcadd93b1",
    "https://deno.land/std@0.179.0/path/win32.ts": "d186344e5583bcbf8b18af416d13d82b35a317116e6460a5a3953508c3de5bba",
    "https://esm.sh/@supabase/supabase-js@2.5.0": "dead14e8421ab8dc2b9c27c57571bedb36999805f2353150a3ad359312cade84",
    "https://esm.sh/v111/@supabase/functions-js@2.1.0/deno/functions-js.js": "aaee1c9a738495ae8619799b21d4bcda5f156985552559d43ef199b4b6108534",
    "https://esm.sh/v111/@supabase/functions-js@2.1.0/dist/module/FunctionsClient.d.ts": "c2e7bcf24374e6b99863f214eeef71e13d2c271039b48c9052c97f0cb3a16950",
    "https://esm.sh/v111/@supabase/functions-js@2.1.0/dist/module/index.d.ts": "1832b08edacd73b343430314bdf7af9ce456373fa3c5235b8dcdbbdf4e1d13ae",
    "https://esm.sh/v111/@supabase/functions-js@2.1.0/dist/module/types.d.ts": "085a4704c1c8969bcb9188fc018792f0c4e0387c465d26512ffc91d083767b76",
    "https://esm.sh/v111/@supabase/gotrue-js@2.13.0/deno/gotrue-js.js": "96acbe6f739676dbcbba2c9b33651cbdeceef16999210074ae377d9f36e1c70c",
    "https://esm.sh/v111/@supabase/gotrue-js@2.13.0/dist/module/GoTrueAdminApi.d.ts": "e26cd0616dfb78c1bd5a585ce693477968fa2d19b223b3f868e37c1b7927d16d",
    "https://esm.sh/v111/@supabase/gotrue-js@2.13.0/dist/module/GoTrueClient.d.ts": "fe98c7e4b3ec746a5dfa35b415cdfa6f429b0b57c2f9929808087dadc10fed5e",
    "https://esm.sh/v111/@supabase/gotrue-js@2.13.0/dist/module/index.d.ts": "8cdbab5746a3ce56786025593191032aeb560f933279507c260d2bb65e83b636",
    "https://esm.sh/v111/@supabase/gotrue-js@2.13.0/dist/module/lib/errors.d.ts": "aba89c1be014c919b2ed0cd2379d71d9271f85fc8ecc850b23514710184e2b0d",
    "https://esm.sh/v111/@supabase/gotrue-js@2.13.0/dist/module/lib/fetch.d.ts": "0124365bdd93bdaefc37112cad6eafefdb01ae36c657770a64df7dbf5f305342",
    "https://esm.sh/v111/@supabase/gotrue-js@2.13.0/dist/module/lib/helpers.d.ts": "f0c24e68ebcf699a270047fb9ad94f769af0783f090519a045c651df14fd4f88",
    "https://esm.sh/v111/@supabase/gotrue-js@2.13.0/dist/module/lib/types.d.ts": "159d0b5104c18587c98293bd3206620418e23bc52a16e98b08328fedf359517a",
    "https://esm.sh/v111/@supabase/postgrest-js@1.4.1/deno/postgrest-js.js": "67c73399515816a940f10576f1224518163b5bf603339661f9357e5f29e5c9b1",
    "https://esm.sh/v111/@supabase/postgrest-js@1.4.1/dist/module/PostgrestBuilder.d.ts": "8aba1b4384974573cdd01f0fc7d688ef517d76f3f298151692b0b37249f0d1a3",
    "https://esm.sh/v111/@supabase/postgrest-js@1.4.1/dist/module/PostgrestClient.d.ts": "70bddc51d63d92a5f6817be70f4e0d232c6758b425792adb6a9912844aa18747",
    "https://esm.sh/v111/@supabase/postgrest-js@1.4.1/dist/module/PostgrestFilterBuilder.d.ts": "a5c93476d23858a561734a206dd583c1b0fe319f3e9856f69e79134608439e62",
    "https://esm.sh/v111/@supabase/postgrest-js@1.4.1/dist/module/PostgrestQueryBuilder.d.ts": "39afb003a4687be50e4089b839c4f317bf0b6a2c234929a1a51bce99276831e3",
    "https://esm.sh/v111/@supabase/postgrest-js@1.4.1/dist/module/PostgrestTransformBuilder.d.ts": "eda6937c25925489d93fb1f28b58346358d95aec887fefd5bebe4a74cf8e3948",
    "https://esm.sh/v111/@supabase/postgrest-js@1.4.1/dist/module/index.d.ts": "fffbd398e6b4db2b1320e819d395493f3169219cfec082e09787ae2bb02baaa3",
    "https://esm.sh/v111/@supabase/postgrest-js@1.4.1/dist/module/select-query-parser.d.ts": "60afa60217641702095795445e04149a360d7e22f662581253c7a7c86a5fb335",
    "https://esm.sh/v111/@supabase/postgrest-js@1.4.1/dist/module/types.d.ts": "b62bb9fdf20676f829bcf01b2348c9766b5d14a0451a964496e96ac49fcc2758",
    "https://esm.sh/v111/@supabase/realtime-js@2.6.0/deno/realtime-js.js": "042c780fdb125f50e32db19874890422da68a6fe50d794f5f41c820e57cdbbae",
    "https://esm.sh/v111/@supabase/realtime-js@2.6.0/dist/module/RealtimeChannel.d.ts": "ba0120c8ec3f95e237862f3cd47a6a27e26f3b5663b9c5a71531baee105050b3",
    "https://esm.sh/v111/@supabase/realtime-js@2.6.0/dist/module/RealtimeClient.d.ts": "f3df0873f1151c1b9a729306e7542f79b50fdcc558798731795562e53ea6d608",
    "https://esm.sh/v111/@supabase/realtime-js@2.6.0/dist/module/RealtimePresence.d.ts": "ba7bac5888f4b354080b7f3e738af38bc7eeebdccc5c663066e71d254530807b",
    "https://esm.sh/v111/@supabase/realtime-js@2.6.0/dist/module/index.d.ts": "eeff0dbcd61707a889eb2370cf3617ef42ddc2f71d7d4d18e1e43542893c066d",
    "https://esm.sh/v111/@supabase/realtime-js@2.6.0/dist/module/lib/constants.d.ts": "b8392f2eb7cf41c3479c142875adbbe4b48bfafdced532165abc1cc68aa20cb5",
    "https://esm.sh/v111/@supabase/realtime-js@2.6.0/dist/module/lib/push.d.ts": "65459f6c4c166a7264b5a7a761414c9bf4e0d2dbf0803e1e53e2ecefdbaa1e1d",
    "https://esm.sh/v111/@supabase/realtime-js@2.6.0/dist/module/lib/serializer.d.ts": "4990f875f6e9a1898655fdba7b822222f8b930bfb7c9253b4f047aa4b05d4ca1",
    "https://esm.sh/v111/@supabase/realtime-js@2.6.0/dist/module/lib/timer.d.ts": "ddf170afd193dc372316ed1f4a087f0e9732a5b8bd9cb9e5c3ac74f1cc676e31",
    "https://esm.sh/v111/@supabase/storage-js@2.3.1/deno/storage-js.js": "aa3038e0242cf24cdcd483e38ae4420656a146032630fd598c8c11bb0dc9fe7c",
    "https://esm.sh/v111/@supabase/storage-js@2.3.1/dist/module/StorageClient.d.ts": "716bdde7f3ea8f49606ac540ceb4b410facb9526668711ffb5676f7935f3408d",
    "https://esm.sh/v111/@supabase/storage-js@2.3.1/dist/module/index.d.ts": "07800a0eea5587ec26d8932a4f5f10871b9e017292ab05b74b27154fb5f98860",
    "https://esm.sh/v111/@supabase/storage-js@2.3.1/dist/module/lib/errors.d.ts": "753c82a97a0e1b05fec3989af93e4fbf2f4a3da3957584613768593ef5cc8bfc",
    "https://esm.sh/v111/@supabase/storage-js@2.3.1/dist/module/lib/fetch.d.ts": "18b68d37f6564cc754ade6371fc7e655a775e91b10abf0f45d0c037b93436761",
    "https://esm.sh/v111/@supabase/storage-js@2.3.1/dist/module/lib/types.d.ts": "4cc02672a0b2d54325185cb1afb1a403f5cec265267ba6f37fd82b3201811142",
    "https://esm.sh/v111/@supabase/storage-js@2.3.1/dist/module/packages/StorageBucketApi.d.ts": "fcdbe1b00e3430099530a00a3cfb446e5065a715e0eaae55ae3fcc681de38e29",
    "https://esm.sh/v111/@supabase/storage-js@2.3.1/dist/module/packages/StorageFileApi.d.ts": "ff412c513a45e1e1873a6d64f77a99cac82e7c4851245a708f95e160496b5aaa",
    "https://esm.sh/v111/@supabase/supabase-js@2.5.0/deno/supabase-js.js": "ef6f324ea901e5a861254a578f1812287966861269f469c91fcefa10875c5602",
    "https://esm.sh/v111/@supabase/supabase-js@2.5.0/dist/module/SupabaseClient.d.ts": "4d550810e1f096297d21d2ee711e32bb13bda84c911c3a17a42750eebe8053c8",
    "https://esm.sh/v111/@supabase/supabase-js@2.5.0/dist/module/index.d.ts": "adb81ff498121f9a100331000125a73792b95c5afe7565e0a474a31d2e18913b",
    "https://esm.sh/v111/@supabase/supabase-js@2.5.0/dist/module/lib/SupabaseAuthClient.d.ts": "978c8106ed51ea69f1044a8231db6d60c64ae28ef5ccc9a7f787a53c48f1fefc",
    "https://esm.sh/v111/@supabase/supabase-js@2.5.0/dist/module/lib/types.d.ts": "f66d6546209d0a183e56438eac52b2d481edc57bdbaa9e7ada5aad050dd64824",
    "https://esm.sh/v111/@types/phoenix@1.5.5/index.d.ts": "300750545fd185531167690e3e8c9d3a801ccf74b8ec06320fc894f900471735",
    "https://esm.sh/v111/cross-fetch@3.1.5/deno/cross-fetch.js": "98b8614cfe483226971d7d27cfb096fa10695d21614e128e14c6f329860da6e5",
    "https://esm.sh/v111/es5-ext@0.10.62/deno/global.js": "5fe45a955818afd1e0e8ad67eeb50f62a4b543588aefd727a1f9b732121a33fa",
    "https://esm.sh/v111/node.ns.d.ts": "0fb081f0cd2150931bd54baa04f31466abd9ca701fd9060d07931402cf8367ba",
    "https://esm.sh/v111/websocket@1.0.34/deno/websocket.js": "96ccf86a285d4ec17aaf925325a4cecc7e035c0e5917ff0c4523c8f6641d13a4"
  },
  "npm": {
    "specifiers": {
      "@influxdata/influxdb-client": "@influxdata/influxdb-client@1.33.2",
      "@influxdata/influxdb-client-apis": "@influxdata/influxdb-client-apis@1.33.2_@influxdata+influxdb-client@1.33.2",
      "@influxdata/influxdb-client-browser": "@influxdata/influxdb-client-browser@1.33.2",
      "abitype": "abitype@0.7.1_typescript@4.9.5",
      "ethers@6.0.3": "ethers@6.0.3",
      "viem": "viem@0.1.10_ws@8.13.0"
    },
    "packages": {
      "@adraffy/ens-normalize@1.8.9": {
        "integrity": "sha512-93OmGCV0vO8+JQ3FHG+gZk/MPHzzMPDRiCiFcCQNTCnHaaxsacO3ScTPGlu2wX2dOtgfalbchPcw1cOYYjHCYQ==",
        "dependencies": {}
      },
      "@influxdata/influxdb-client-apis@1.33.2_@influxdata+influxdb-client@1.33.2": {
        "integrity": "sha512-W6x9TOAQ3AUx0RBCrCibDhSvMqN50lxJmElc3rHn7+R/9Zi35oczu8r9YMkyNlzWnksu+dcyKr8/xLv28Ot4hw==",
        "dependencies": {
          "@influxdata/influxdb-client": "@influxdata/influxdb-client@1.33.2"
        }
      },
      "@influxdata/influxdb-client-browser@1.33.2": {
        "integrity": "sha512-aZL0sdLwHglZ03TD6xXkmuOvumRH1KOr9Y+ovcgDxt7qAbQT4BIM1oeduBcToMLfABXcOsevT3uCcPAhFcDXsw==",
        "dependencies": {}
      },
      "@influxdata/influxdb-client@1.33.2": {
        "integrity": "sha512-RT5SxH+grHAazo/YK3UTuWK/frPWRM0N7vkrCUyqVprDgQzlLP+bSK4ak2Jv3QVF/pazTnsxWjvtKZdwskV5Xw==",
        "dependencies": {}
      },
      "@noble/hashes@1.1.2": {
        "integrity": "sha512-KYRCASVTv6aeUi1tsF8/vpyR7zpfs3FUzy2Jqm+MU+LmUKhQ0y2FpfwqkCcxSg2ua4GALJd8k2R76WxwZGbQpA==",
        "dependencies": {}
      },
      "@noble/hashes@1.2.0": {
        "integrity": "sha512-FZfhjEDbT5GRswV3C6uvLPHMiVD6lQBmpoX5+eSiPaMTXte/IKqI5dykDxzZB/WBeK/CDuQRBWarPdi3FNY2zQ==",
        "dependencies": {}
      },
      "@noble/secp256k1@1.7.1": {
        "integrity": "sha512-hOUk6AyBFmqVrv7k5WAw/LpszxVbj9gGN4JRkIX52fdFAj1UA61KXmZDvqVEm+pOyec3+fIeZB02LYa/pWOArw==",
        "dependencies": {}
      },
      "@wagmi/chains@0.2.11": {
        "integrity": "sha512-aMrI1zKKXdeAaiTxBiv+3Zfgd3IajCDpxBtPPvpjXuWVRe4ikwzbyZ1HARKj3V1+wNMPng8EJiWpN966PcvROg==",
        "dependencies": {}
      },
      "abitype@0.7.1_typescript@4.9.5": {
        "integrity": "sha512-VBkRHTDZf9Myaek/dO3yMmOzB/y2s3Zo6nVU7yaw1G+TvCHAjwaJzNGN9yo4K5D8bU/VZXKP1EJpRhFr862PlQ==",
        "dependencies": {
          "typescript": "typescript@4.9.5"
        }
      },
      "aes-js@4.0.0-beta.3": {
        "integrity": "sha512-/xJX0/VTPcbc5xQE2VUP91y1xN8q/rDfhEzLm+vLc3hYvb5+qHCnpJRuFcrKn63zumK/sCwYYzhG8HP78JYSTA==",
        "dependencies": {}
      },
      "ethers@6.0.3": {
        "integrity": "sha512-ECUt+AlY80eLA/XvOgy4/K5Pq5BsMzlKKcSuUXOgp4k6d3tcDphEiz+Fs3zut/zYQVgqLgm3f8YtCJEEtzl8kA==",
        "dependencies": {
          "@adraffy/ens-normalize": "@adraffy/ens-normalize@1.8.9",
          "@noble/hashes": "@noble/hashes@1.1.2",
          "@noble/secp256k1": "@noble/secp256k1@1.7.1",
          "aes-js": "aes-js@4.0.0-beta.3",
          "tslib": "tslib@2.4.0",
          "ws": "ws@8.5.0"
        }
      },
      "idna-uts46-hx@4.1.2": {
        "integrity": "sha512-EAB3egrcalcTQHcjA7yzXXkE4E09TIFerR//4yUYGYCeCfXmkU0LgsGJgYSIQA1lQunfsn4ZCWJhbelgl3cdiQ==",
        "dependencies": {
          "punycode": "punycode@2.3.0"
        }
      },
      "isomorphic-ws@5.0.0_ws@8.13.0": {
        "integrity": "sha512-muId7Zzn9ywDsyXgTIafTry2sV3nySZeUDe6YedVd1Hvuuep5AsIlqK+XefWpYTyJG5e503F2xIuT2lcU6rCSw==",
        "dependencies": {
          "ws": "ws@8.13.0"
        }
      },
      "punycode@2.3.0": {
        "integrity": "sha512-rRV+zQD8tVFys26lAGR9WUuS4iUAngJScM+ZRSKtvl5tKeZ2t5bvdNFdNHBW9FWR4guGHlgmsZ1G7BSm2wTbuA==",
        "dependencies": {}
      },
      "tslib@2.4.0": {
        "integrity": "sha512-d6xOpEDfsi2CZVlPQzGeux8XMwLT9hssAsaPYExaQMuYskwb+x1x7J371tWlbBdWHroy99KnVB6qIkUbs5X3UQ==",
        "dependencies": {}
      },
      "typescript@4.9.5": {
        "integrity": "sha512-1FXk9E2Hm+QzZQ7z+McJiHL4NW1F2EzMu9Nq9i3zAaGqibafqYwCVU6WyWAuyQRRzOlxou8xZSyXLEN8oKj24g==",
        "dependencies": {}
      },
      "viem@0.1.10_ws@8.13.0": {
        "integrity": "sha512-8E+Fntaf0XX75RQ7eBOwbSas6A8f4HJ3+ZrPxgkeS8TWEb5Qb95EP6o1VPsCX2fz7wfId9Vf/hTXPTEzA7GKog==",
        "dependencies": {
          "@noble/hashes": "@noble/hashes@1.2.0",
          "@wagmi/chains": "@wagmi/chains@0.2.11",
          "abitype": "abitype@0.7.1_typescript@4.9.5",
          "idna-uts46-hx": "idna-uts46-hx@4.1.2",
          "isomorphic-ws": "isomorphic-ws@5.0.0_ws@8.13.0",
          "ws": "ws@8.13.0"
        }
      },
      "ws@8.13.0": {
        "integrity": "sha512-x9vcZYTrFPC7aSIbj7sRCYo7L/Xb8Iy+pW0ng0wt2vCJv7M9HOMy0UoN3rr+IFC7hb7vXoqS+P9ktyLLLhO+LA==",
        "dependencies": {}
      },
      "ws@8.5.0": {
        "integrity": "sha512-BWX0SWVgLPzYwF8lTzEy1egjhS4S4OEAHfsO8o65WOVsrnSRGaSiUaa9e0ggGlkMTtBlmOpEXiie9RUcBO86qg==",
        "dependencies": {}
      }
    }
  }
}
